// !$*UTF8*$!
{
	archiveVersion = 1;
	classes = {
	};
	objectVersion = 46;
	objects = {

/* Begin PBXBuildFile section */
		D601920F18AFDF0C00255256 /* DemoViewController.m in Sources */ = {isa = PBXBuildFile; fileRef = D601920E18AFDF0C00255256 /* DemoViewController.m */; };
		D601921318AFDF6F00255256 /* DemoContentViewController.m in Sources */ = {isa = PBXBuildFile; fileRef = D601921218AFDF6F00255256 /* DemoContentViewController.m */; };
		D601921518AFE01600255256 /* Demo.xcassets in Resources */ = {isa = PBXBuildFile; fileRef = D601921418AFE01600255256 /* Demo.xcassets */; };
		D60B4CBE14D7A888001ECCE3 /* UIKit.framework in Frameworks */ = {isa = PBXBuildFile; fileRef = D60B4CBD14D7A888001ECCE3 /* UIKit.framework */; };
		D60B4CC014D7A888001ECCE3 /* Foundation.framework in Frameworks */ = {isa = PBXBuildFile; fileRef = D60B4CBF14D7A888001ECCE3 /* Foundation.framework */; };
		D60B4CC214D7A888001ECCE3 /* CoreGraphics.framework in Frameworks */ = {isa = PBXBuildFile; fileRef = D60B4CC114D7A888001ECCE3 /* CoreGraphics.framework */; };
		D625E86C18B00EF900FFE96D /* WorkoutModeParentController2.m in Sources */ = {isa = PBXBuildFile; fileRef = D625E86618B00ED900FFE96D /* WorkoutModeParentController2.m */; };
		D625E86E18B00EF900FFE96D /* WorkoutModeViewController2.m in Sources */ = {isa = PBXBuildFile; fileRef = D625E86818B00ED900FFE96D /* WorkoutModeViewController2.m */; };
		D63E445418AB2CA300A13883 /* JBBarChartView.m in Sources */ = {isa = PBXBuildFile; fileRef = D63E444F18AB2CA300A13883 /* JBBarChartView.m */; };
		D63E445518AB2CA300A13883 /* JBChartView.m in Sources */ = {isa = PBXBuildFile; fileRef = D63E445118AB2CA300A13883 /* JBChartView.m */; };
		D63E445618AB2CA300A13883 /* JBLineChartView.m in Sources */ = {isa = PBXBuildFile; fileRef = D63E445318AB2CA300A13883 /* JBLineChartView.m */; };
		D63E445818AB2DA500A13883 /* QuartzCore.framework in Frameworks */ = {isa = PBXBuildFile; fileRef = D63E445718AB2DA500A13883 /* QuartzCore.framework */; };
		D63E446C18ACF49700A13883 /* BarChartDataSource.m in Sources */ = {isa = PBXBuildFile; fileRef = D63E446B18ACF49700A13883 /* BarChartDataSource.m */; };
		D65525BC18CC561A00AF55A6 /* FSConverter.m in Sources */ = {isa = PBXBuildFile; fileRef = D65525B518CC561A00AF55A6 /* FSConverter.m */; };
		D65525BD18CC561A00AF55A6 /* FSVenue.m in Sources */ = {isa = PBXBuildFile; fileRef = D65525B718CC561A00AF55A6 /* FSVenue.m */; };
		D65525BE18CC561A00AF55A6 /* GymPassViewController.m in Sources */ = {isa = PBXBuildFile; fileRef = D65525B918CC561A00AF55A6 /* GymPassViewController.m */; };
		D65525BF18CC561A00AF55A6 /* NearbyVenuesViewController.m in Sources */ = {isa = PBXBuildFile; fileRef = D65525BB18CC561A00AF55A6 /* NearbyVenuesViewController.m */; };
		D655260618CC568B00AF55A6 /* CHANGELOG.md in Resources */ = {isa = PBXBuildFile; fileRef = D65525F618CC568B00AF55A6 /* CHANGELOG.md */; };
		D655260718CC568B00AF55A6 /* Foursquare2.m in Sources */ = {isa = PBXBuildFile; fileRef = D65525F818CC568B00AF55A6 /* Foursquare2.m */; };
		D655260818CC568B00AF55A6 /* FSKeychain.m in Sources */ = {isa = PBXBuildFile; fileRef = D65525FA18CC568B00AF55A6 /* FSKeychain.m */; };
		D655260918CC568B00AF55A6 /* FSOAuthNoAppStore.m in Sources */ = {isa = PBXBuildFile; fileRef = D65525FC18CC568B00AF55A6 /* FSOAuthNoAppStore.m */; };
		D655260A18CC568B00AF55A6 /* FSOperation.m in Sources */ = {isa = PBXBuildFile; fileRef = D65525FE18CC568B00AF55A6 /* FSOperation.m */; };
		D655260B18CC568B00AF55A6 /* FSWebLogin.m in Sources */ = {isa = PBXBuildFile; fileRef = D655260018CC568B00AF55A6 /* FSWebLogin.m */; };
		D655260C18CC568B00AF55A6 /* FSWebLogin.xib in Resources */ = {isa = PBXBuildFile; fileRef = D655260118CC568B00AF55A6 /* FSWebLogin.xib */; };
		D655260D18CC568B00AF55A6 /* pin.png in Resources */ = {isa = PBXBuildFile; fileRef = D655260218CC568B00AF55A6 /* pin.png */; };
		D655260E18CC568B00AF55A6 /* pin@2x.png in Resources */ = {isa = PBXBuildFile; fileRef = D655260318CC568B00AF55A6 /* pin@2x.png */; };
		D655260F18CC568B00AF55A6 /* poweredByFoursquare_gray.png in Resources */ = {isa = PBXBuildFile; fileRef = D655260418CC568B00AF55A6 /* poweredByFoursquare_gray.png */; };
		D655261018CC568B00AF55A6 /* poweredByFoursquare_gray@2x.png in Resources */ = {isa = PBXBuildFile; fileRef = D655260518CC568B00AF55A6 /* poweredByFoursquare_gray@2x.png */; };
		D655261218CC5BC900AF55A6 /* CoreLocation.framework in Frameworks */ = {isa = PBXBuildFile; fileRef = D655261118CC5BC900AF55A6 /* CoreLocation.framework */; };
		D655261418CC5BFB00AF55A6 /* Security.framework in Frameworks */ = {isa = PBXBuildFile; fileRef = D655261318CC5BFB00AF55A6 /* Security.framework */; };
		D67D7CE8170E708300E12E96 /* FitBuddy.entitlements in Resources */ = {isa = PBXBuildFile; fileRef = D67D7CE5170E708300E12E96 /* FitBuddy.entitlements */; };
		D67D7CF9170E75DC00E12E96 /* GymBuddyModel.xcdatamodeld in Sources */ = {isa = PBXBuildFile; fileRef = D67D7CF3170E75DC00E12E96 /* GymBuddyModel.xcdatamodeld */; };
		D67E165818B2C7BE001E9257 /* WorkoutSequence.m in Sources */ = {isa = PBXBuildFile; fileRef = D67E165718B2C7BE001E9257 /* WorkoutSequence.m */; };
		D67E165B18B2C7BE001E9257 /* LogbookEntry.m in Sources */ = {isa = PBXBuildFile; fileRef = D67E165A18B2C7BE001E9257 /* LogbookEntry.m */; };
		D67E165E18B2C7BE001E9257 /* Workout.m in Sources */ = {isa = PBXBuildFile; fileRef = D67E165D18B2C7BE001E9257 /* Workout.m */; };
		D67E166118B2C7BE001E9257 /* ResistanceExercise.m in Sources */ = {isa = PBXBuildFile; fileRef = D67E166018B2C7BE001E9257 /* ResistanceExercise.m */; };
		D67E166418B2C7BE001E9257 /* CardioExercise.m in Sources */ = {isa = PBXBuildFile; fileRef = D67E166318B2C7BE001E9257 /* CardioExercise.m */; };
		D67E166718B2C7BE001E9257 /* Exercise.m in Sources */ = {isa = PBXBuildFile; fileRef = D67E166618B2C7BE001E9257 /* Exercise.m */; };
		D67E166A18B2C7BE001E9257 /* CardioHistory.m in Sources */ = {isa = PBXBuildFile; fileRef = D67E166918B2C7BE001E9257 /* CardioHistory.m */; };
		D67E166D18B2C7BE001E9257 /* ResistanceHistory.m in Sources */ = {isa = PBXBuildFile; fileRef = D67E166C18B2C7BE001E9257 /* ResistanceHistory.m */; };
		D67E167018B31C97001E9257 /* icon-small.png in Resources */ = {isa = PBXBuildFile; fileRef = D67E166E18B31C97001E9257 /* icon-small.png */; };
		D67E167118B31C97001E9257 /* icon-big.png in Resources */ = {isa = PBXBuildFile; fileRef = D67E166F18B31C97001E9257 /* icon-big.png */; };
		D696191518A6A793002FE7C2 /* FitBuddyArchive.m in Sources */ = {isa = PBXBuildFile; fileRef = D696191418A6A793002FE7C2 /* FitBuddyArchive.m */; };
		D6A5124818CC5157002FDF5F /* MapKit.framework in Frameworks */ = {isa = PBXBuildFile; fileRef = D6A5124718CC5157002FDF5F /* MapKit.framework */; };
		D6B59828187078340077C3D0 /* MainStoryboard-Autolayout.storyboard in Resources */ = {isa = PBXBuildFile; fileRef = D6B59827187078340077C3D0 /* MainStoryboard-Autolayout.storyboard */; };
		D6BC798B18CAAFB4000CEAFB /* PassKit.framework in Frameworks */ = {isa = PBXBuildFile; fileRef = D6BC798A18CAAFB4000CEAFB /* PassKit.framework */; };
		D6C0AE8618975566004F599E /* WorkoutControlerComponent.xib in Resources */ = {isa = PBXBuildFile; fileRef = D6C0AE8518975566004F599E /* WorkoutControlerComponent.xib */; };
		D6C0AF0318A34990004F599E /* SwitchCell.m in Sources */ = {isa = PBXBuildFile; fileRef = D6C0AF0218A34990004F599E /* SwitchCell.m */; };
		D6C26B2B14F15A710068DEA5 /* libz.dylib in Frameworks */ = {isa = PBXBuildFile; fileRef = D6C26B2A14F15A710068DEA5 /* libz.dylib */; };
		D6C2CA1D170E6BB400BA02DA /* CoreDataHelper.m in Sources */ = {isa = PBXBuildFile; fileRef = D6C2CA0F170E6BB400BA02DA /* CoreDataHelper.m */; };
		D6C2CA1E170E6BB400BA02DA /* CoreDataTableController.m in Sources */ = {isa = PBXBuildFile; fileRef = D6C2CA11170E6BB400BA02DA /* CoreDataTableController.m */; };
		D6C2CA1F170E6BB400BA02DA /* CoreDataTableViewController.m in Sources */ = {isa = PBXBuildFile; fileRef = D6C2CA13170E6BB400BA02DA /* CoreDataTableViewController.m */; };
		D6C2CA20170E6BB400BA02DA /* GymBuddyAppDelegate.m in Sources */ = {isa = PBXBuildFile; fileRef = D6C2CA15170E6BB400BA02DA /* GymBuddyAppDelegate.m */; };
		D6C2CA21170E6BB400BA02DA /* NSData+CocoaDevUsersAdditions.m in Sources */ = {isa = PBXBuildFile; fileRef = D6C2CA18170E6BB400BA02DA /* NSData+CocoaDevUsersAdditions.m */; };
		D6C2CA33170E6BDA00BA02DA /* LogbookEntry+TDate.m in Sources */ = {isa = PBXBuildFile; fileRef = D6C2CA2B170E6BDA00BA02DA /* LogbookEntry+TDate.m */; };
		D6C2CA40170E6C0100BA02DA /* GymBuddyMappingModel1.0.xcmappingmodel in Sources */ = {isa = PBXBuildFile; fileRef = D6C2CA36170E6C0100BA02DA /* GymBuddyMappingModel1.0.xcmappingmodel */; };
		D6C2CA41170E6C0100BA02DA /* GymBuddyMappingModel1.1.xcmappingmodel in Sources */ = {isa = PBXBuildFile; fileRef = D6C2CA37170E6C0100BA02DA /* GymBuddyMappingModel1.1.xcmappingmodel */; };
		D6C2CA42170E6C0100BA02DA /* GymBuddyMappingModel1.2.xcmappingmodel in Sources */ = {isa = PBXBuildFile; fileRef = D6C2CA38170E6C0100BA02DA /* GymBuddyMappingModel1.2.xcmappingmodel */; };
		D6C2CA43170E6C0100BA02DA /* GymBuddyMappingModel1.3.xcmappingmodel in Sources */ = {isa = PBXBuildFile; fileRef = D6C2CA39170E6C0100BA02DA /* GymBuddyMappingModel1.3.xcmappingmodel */; };
		D6C2CA5B170E6C4000BA02DA /* ExerciseAddViewController.m in Sources */ = {isa = PBXBuildFile; fileRef = D6C2CA48170E6C4000BA02DA /* ExerciseAddViewController.m */; };
		D6C2CA5C170E6C4000BA02DA /* ExerciseControlController.m in Sources */ = {isa = PBXBuildFile; fileRef = D6C2CA4A170E6C4000BA02DA /* ExerciseControlController.m */; };
		D6C2CA5D170E6C4000BA02DA /* ExerciseEditViewController.m in Sources */ = {isa = PBXBuildFile; fileRef = D6C2CA4C170E6C4000BA02DA /* ExerciseEditViewController.m */; };
		D6C2CA5E170E6C4000BA02DA /* ExerciseListTableViewController.m in Sources */ = {isa = PBXBuildFile; fileRef = D6C2CA4E170E6C4000BA02DA /* ExerciseListTableViewController.m */; };
		D6C2CA5F170E6C4000BA02DA /* LogbookEntryViewController.m in Sources */ = {isa = PBXBuildFile; fileRef = D6C2CA50170E6C4000BA02DA /* LogbookEntryViewController.m */; };
		D6C2CA60170E6C4000BA02DA /* LogbookViewController.m in Sources */ = {isa = PBXBuildFile; fileRef = D6C2CA52170E6C4000BA02DA /* LogbookViewController.m */; };
		D6C2CA61170E6C4000BA02DA /* NotesEditorViewController.m in Sources */ = {isa = PBXBuildFile; fileRef = D6C2CA54170E6C4000BA02DA /* NotesEditorViewController.m */; };
		D6C2CA62170E6C4000BA02DA /* SettingsIncrementViewController.m in Sources */ = {isa = PBXBuildFile; fileRef = D6C2CA56170E6C4000BA02DA /* SettingsIncrementViewController.m */; };
		D6C2CA63170E6C4000BA02DA /* SettingsViewController.m in Sources */ = {isa = PBXBuildFile; fileRef = D6C2CA58170E6C4000BA02DA /* SettingsViewController.m */; };
		D6C2CA64170E6C4000BA02DA /* WorkoutAddViewController.m in Sources */ = {isa = PBXBuildFile; fileRef = D6C2CA5A170E6C4000BA02DA /* WorkoutAddViewController.m */; };
		D6C2CA73170E6C8800BA02DA /* WorkoutSummaryViewController.m in Sources */ = {isa = PBXBuildFile; fileRef = D6C2CA6E170E6C8800BA02DA /* WorkoutSummaryViewController.m */; };
		D6C2CA74170E6C8800BA02DA /* WorkoutViewController.m in Sources */ = {isa = PBXBuildFile; fileRef = D6C2CA70170E6C8800BA02DA /* WorkoutViewController.m */; };
		D6C2CB08170E6D2500BA02DA /* main.m in Sources */ = {isa = PBXBuildFile; fileRef = D6C2CB06170E6D2500BA02DA /* main.m */; };
		D6C2CB0C170E6D5300BA02DA /* InfoPlist.strings in Resources */ = {isa = PBXBuildFile; fileRef = D6C2CB0A170E6D5300BA02DA /* InfoPlist.strings */; };
		D6CEC98B14DA6A6C002DC3B0 /* CoreData.framework in Frameworks */ = {isa = PBXBuildFile; fileRef = D6CEC98A14DA6A6C002DC3B0 /* CoreData.framework */; };
		D6FF1D151870B50A004A1D2A /* Images.xcassets in Resources */ = {isa = PBXBuildFile; fileRef = D6FF1D141870B50A004A1D2A /* Images.xcassets */; };
/* End PBXBuildFile section */

/* Begin PBXFileReference section */
		D601920D18AFDF0C00255256 /* DemoViewController.h */ = {isa = PBXFileReference; fileEncoding = 4; lastKnownFileType = sourcecode.c.h; name = DemoViewController.h; path = Demo/DemoViewController.h; sourceTree = SOURCE_ROOT; };
		D601920E18AFDF0C00255256 /* DemoViewController.m */ = {isa = PBXFileReference; fileEncoding = 4; lastKnownFileType = sourcecode.c.objc; name = DemoViewController.m; path = Demo/DemoViewController.m; sourceTree = SOURCE_ROOT; };
		D601921118AFDF6F00255256 /* DemoContentViewController.h */ = {isa = PBXFileReference; fileEncoding = 4; lastKnownFileType = sourcecode.c.h; name = DemoContentViewController.h; path = Demo/DemoContentViewController.h; sourceTree = SOURCE_ROOT; };
		D601921218AFDF6F00255256 /* DemoContentViewController.m */ = {isa = PBXFileReference; fileEncoding = 4; lastKnownFileType = sourcecode.c.objc; name = DemoContentViewController.m; path = Demo/DemoContentViewController.m; sourceTree = SOURCE_ROOT; };
		D601921418AFE01600255256 /* Demo.xcassets */ = {isa = PBXFileReference; lastKnownFileType = folder.assetcatalog; path = Demo.xcassets; sourceTree = SOURCE_ROOT; };
		D60B4CBD14D7A888001ECCE3 /* UIKit.framework */ = {isa = PBXFileReference; lastKnownFileType = wrapper.framework; name = UIKit.framework; path = System/Library/Frameworks/UIKit.framework; sourceTree = SDKROOT; };
		D60B4CBF14D7A888001ECCE3 /* Foundation.framework */ = {isa = PBXFileReference; lastKnownFileType = wrapper.framework; name = Foundation.framework; path = System/Library/Frameworks/Foundation.framework; sourceTree = SDKROOT; };
		D60B4CC114D7A888001ECCE3 /* CoreGraphics.framework */ = {isa = PBXFileReference; lastKnownFileType = wrapper.framework; name = CoreGraphics.framework; path = System/Library/Frameworks/CoreGraphics.framework; sourceTree = SDKROOT; };
		D611806D18B10C9200786DBF /* GymBuddyModel1.4.2.xcdatamodel */ = {isa = PBXFileReference; lastKnownFileType = wrapper.xcdatamodel; path = GymBuddyModel1.4.2.xcdatamodel; sourceTree = "<group>"; };
		D6135CD3151027D30055F337 /* FitBuddy.app */ = {isa = PBXFileReference; explicitFileType = wrapper.application; includeInIndex = 0; path = FitBuddy.app; sourceTree = BUILT_PRODUCTS_DIR; };
		D623E71C18CD89E800F1DA21 /* FoursquareConstants.h */ = {isa = PBXFileReference; lastKnownFileType = sourcecode.c.h; path = FoursquareConstants.h; sourceTree = SOURCE_ROOT; };
		D625E86518B00ED900FFE96D /* WorkoutModeParentController2.h */ = {isa = PBXFileReference; fileEncoding = 4; lastKnownFileType = sourcecode.c.h; name = WorkoutModeParentController2.h; path = FitBuddy/NewWorkoutModeControllers/WorkoutModeParentController2.h; sourceTree = SOURCE_ROOT; };
		D625E86618B00ED900FFE96D /* WorkoutModeParentController2.m */ = {isa = PBXFileReference; fileEncoding = 4; lastKnownFileType = sourcecode.c.objc; name = WorkoutModeParentController2.m; path = FitBuddy/NewWorkoutModeControllers/WorkoutModeParentController2.m; sourceTree = SOURCE_ROOT; };
		D625E86718B00ED900FFE96D /* WorkoutModeViewController2.h */ = {isa = PBXFileReference; fileEncoding = 4; lastKnownFileType = sourcecode.c.h; name = WorkoutModeViewController2.h; path = FitBuddy/NewWorkoutModeControllers/WorkoutModeViewController2.h; sourceTree = SOURCE_ROOT; };
		D625E86818B00ED900FFE96D /* WorkoutModeViewController2.m */ = {isa = PBXFileReference; fileEncoding = 4; lastKnownFileType = sourcecode.c.objc; name = WorkoutModeViewController2.m; path = FitBuddy/NewWorkoutModeControllers/WorkoutModeViewController2.m; sourceTree = SOURCE_ROOT; };
		D63E444E18AB2CA300A13883 /* JBBarChartView.h */ = {isa = PBXFileReference; fileEncoding = 4; lastKnownFileType = sourcecode.c.h; path = JBBarChartView.h; sourceTree = SOURCE_ROOT; };
		D63E444F18AB2CA300A13883 /* JBBarChartView.m */ = {isa = PBXFileReference; fileEncoding = 4; lastKnownFileType = sourcecode.c.objc; path = JBBarChartView.m; sourceTree = SOURCE_ROOT; };
		D63E445018AB2CA300A13883 /* JBChartView.h */ = {isa = PBXFileReference; fileEncoding = 4; lastKnownFileType = sourcecode.c.h; path = JBChartView.h; sourceTree = SOURCE_ROOT; };
		D63E445118AB2CA300A13883 /* JBChartView.m */ = {isa = PBXFileReference; fileEncoding = 4; lastKnownFileType = sourcecode.c.objc; path = JBChartView.m; sourceTree = SOURCE_ROOT; };
		D63E445218AB2CA300A13883 /* JBLineChartView.h */ = {isa = PBXFileReference; fileEncoding = 4; lastKnownFileType = sourcecode.c.h; path = JBLineChartView.h; sourceTree = SOURCE_ROOT; };
		D63E445318AB2CA300A13883 /* JBLineChartView.m */ = {isa = PBXFileReference; fileEncoding = 4; lastKnownFileType = sourcecode.c.objc; path = JBLineChartView.m; sourceTree = SOURCE_ROOT; };
		D63E445718AB2DA500A13883 /* QuartzCore.framework */ = {isa = PBXFileReference; lastKnownFileType = wrapper.framework; name = QuartzCore.framework; path = System/Library/Frameworks/QuartzCore.framework; sourceTree = SDKROOT; };
		D63E445918AC662000A13883 /* GymBuddyModel1. 4.xcdatamodel */ = {isa = PBXFileReference; lastKnownFileType = wrapper.xcdatamodel; path = "GymBuddyModel1. 4.xcdatamodel"; sourceTree = "<group>"; };
		D63E446918AC994600A13883 /* GymBuddyModel1.4.1.xcdatamodel */ = {isa = PBXFileReference; lastKnownFileType = wrapper.xcdatamodel; path = GymBuddyModel1.4.1.xcdatamodel; sourceTree = "<group>"; };
		D63E446A18ACF49700A13883 /* BarChartDataSource.h */ = {isa = PBXFileReference; fileEncoding = 4; lastKnownFileType = sourcecode.c.h; name = BarChartDataSource.h; path = FitBuddy/CoreData/BarChartDataSource.h; sourceTree = SOURCE_ROOT; };
		D63E446B18ACF49700A13883 /* BarChartDataSource.m */ = {isa = PBXFileReference; fileEncoding = 4; lastKnownFileType = sourcecode.c.objc; name = BarChartDataSource.m; path = FitBuddy/CoreData/BarChartDataSource.m; sourceTree = SOURCE_ROOT; };
		D65525B318CC561A00AF55A6 /* Constants.h */ = {isa = PBXFileReference; fileEncoding = 4; lastKnownFileType = sourcecode.c.h; path = Constants.h; sourceTree = SOURCE_ROOT; };
		D65525B418CC561A00AF55A6 /* FSConverter.h */ = {isa = PBXFileReference; fileEncoding = 4; lastKnownFileType = sourcecode.c.h; path = FSConverter.h; sourceTree = SOURCE_ROOT; };
		D65525B518CC561A00AF55A6 /* FSConverter.m */ = {isa = PBXFileReference; fileEncoding = 4; lastKnownFileType = sourcecode.c.objc; path = FSConverter.m; sourceTree = SOURCE_ROOT; };
		D65525B618CC561A00AF55A6 /* FSVenue.h */ = {isa = PBXFileReference; fileEncoding = 4; lastKnownFileType = sourcecode.c.h; path = FSVenue.h; sourceTree = SOURCE_ROOT; };
		D65525B718CC561A00AF55A6 /* FSVenue.m */ = {isa = PBXFileReference; fileEncoding = 4; lastKnownFileType = sourcecode.c.objc; path = FSVenue.m; sourceTree = SOURCE_ROOT; };
		D65525B818CC561A00AF55A6 /* GymPassViewController.h */ = {isa = PBXFileReference; fileEncoding = 4; lastKnownFileType = sourcecode.c.h; path = GymPassViewController.h; sourceTree = SOURCE_ROOT; };
		D65525B918CC561A00AF55A6 /* GymPassViewController.m */ = {isa = PBXFileReference; fileEncoding = 4; lastKnownFileType = sourcecode.c.objc; path = GymPassViewController.m; sourceTree = SOURCE_ROOT; };
		D65525BA18CC561A00AF55A6 /* NearbyVenuesViewController.h */ = {isa = PBXFileReference; fileEncoding = 4; lastKnownFileType = sourcecode.c.h; path = NearbyVenuesViewController.h; sourceTree = SOURCE_ROOT; };
		D65525BB18CC561A00AF55A6 /* NearbyVenuesViewController.m */ = {isa = PBXFileReference; fileEncoding = 4; lastKnownFileType = sourcecode.c.objc; path = NearbyVenuesViewController.m; sourceTree = SOURCE_ROOT; };
		D65525F618CC568B00AF55A6 /* CHANGELOG.md */ = {isa = PBXFileReference; fileEncoding = 4; lastKnownFileType = text; path = CHANGELOG.md; sourceTree = SOURCE_ROOT; };
		D65525F718CC568B00AF55A6 /* Foursquare2.h */ = {isa = PBXFileReference; fileEncoding = 4; lastKnownFileType = sourcecode.c.h; path = Foursquare2.h; sourceTree = SOURCE_ROOT; };
		D65525F818CC568B00AF55A6 /* Foursquare2.m */ = {isa = PBXFileReference; fileEncoding = 4; lastKnownFileType = sourcecode.c.objc; path = Foursquare2.m; sourceTree = SOURCE_ROOT; };
		D65525F918CC568B00AF55A6 /* FSKeychain.h */ = {isa = PBXFileReference; fileEncoding = 4; lastKnownFileType = sourcecode.c.h; path = FSKeychain.h; sourceTree = SOURCE_ROOT; };
		D65525FA18CC568B00AF55A6 /* FSKeychain.m */ = {isa = PBXFileReference; fileEncoding = 4; lastKnownFileType = sourcecode.c.objc; path = FSKeychain.m; sourceTree = SOURCE_ROOT; };
		D65525FB18CC568B00AF55A6 /* FSOAuthNoAppStore.h */ = {isa = PBXFileReference; fileEncoding = 4; lastKnownFileType = sourcecode.c.h; path = FSOAuthNoAppStore.h; sourceTree = SOURCE_ROOT; };
		D65525FC18CC568B00AF55A6 /* FSOAuthNoAppStore.m */ = {isa = PBXFileReference; fileEncoding = 4; lastKnownFileType = sourcecode.c.objc; path = FSOAuthNoAppStore.m; sourceTree = SOURCE_ROOT; };
		D65525FD18CC568B00AF55A6 /* FSOperation.h */ = {isa = PBXFileReference; fileEncoding = 4; lastKnownFileType = sourcecode.c.h; path = FSOperation.h; sourceTree = SOURCE_ROOT; };
		D65525FE18CC568B00AF55A6 /* FSOperation.m */ = {isa = PBXFileReference; fileEncoding = 4; lastKnownFileType = sourcecode.c.objc; path = FSOperation.m; sourceTree = SOURCE_ROOT; };
		D65525FF18CC568B00AF55A6 /* FSWebLogin.h */ = {isa = PBXFileReference; fileEncoding = 4; lastKnownFileType = sourcecode.c.h; path = FSWebLogin.h; sourceTree = SOURCE_ROOT; };
		D655260018CC568B00AF55A6 /* FSWebLogin.m */ = {isa = PBXFileReference; fileEncoding = 4; lastKnownFileType = sourcecode.c.objc; path = FSWebLogin.m; sourceTree = SOURCE_ROOT; };
		D655260118CC568B00AF55A6 /* FSWebLogin.xib */ = {isa = PBXFileReference; fileEncoding = 4; lastKnownFileType = file.xib; path = FSWebLogin.xib; sourceTree = SOURCE_ROOT; };
		D655260218CC568B00AF55A6 /* pin.png */ = {isa = PBXFileReference; lastKnownFileType = image.png; path = pin.png; sourceTree = SOURCE_ROOT; };
		D655260318CC568B00AF55A6 /* pin@2x.png */ = {isa = PBXFileReference; lastKnownFileType = image.png; path = "pin@2x.png"; sourceTree = SOURCE_ROOT; };
		D655260418CC568B00AF55A6 /* poweredByFoursquare_gray.png */ = {isa = PBXFileReference; lastKnownFileType = image.png; path = poweredByFoursquare_gray.png; sourceTree = SOURCE_ROOT; };
		D655260518CC568B00AF55A6 /* poweredByFoursquare_gray@2x.png */ = {isa = PBXFileReference; lastKnownFileType = image.png; path = "poweredByFoursquare_gray@2x.png"; sourceTree = SOURCE_ROOT; };
		D655261118CC5BC900AF55A6 /* CoreLocation.framework */ = {isa = PBXFileReference; lastKnownFileType = wrapper.framework; name = CoreLocation.framework; path = System/Library/Frameworks/CoreLocation.framework; sourceTree = SDKROOT; };
		D655261318CC5BFB00AF55A6 /* Security.framework */ = {isa = PBXFileReference; lastKnownFileType = wrapper.framework; name = Security.framework; path = System/Library/Frameworks/Security.framework; sourceTree = SDKROOT; };
		D67D7CE5170E708300E12E96 /* FitBuddy.entitlements */ = {isa = PBXFileReference; fileEncoding = 4; lastKnownFileType = text.xml; path = FitBuddy.entitlements; sourceTree = SOURCE_ROOT; };
		D67D7CF4170E75DC00E12E96 /* GymBuddyModel0.0.xcdatamodel */ = {isa = PBXFileReference; lastKnownFileType = wrapper.xcdatamodel; path = GymBuddyModel0.0.xcdatamodel; sourceTree = "<group>"; };
		D67D7CF5170E75DC00E12E96 /* GymBuddyModel1.0.xcdatamodel */ = {isa = PBXFileReference; lastKnownFileType = wrapper.xcdatamodel; path = GymBuddyModel1.0.xcdatamodel; sourceTree = "<group>"; };
		D67D7CF6170E75DC00E12E96 /* GymBuddyModel1.1.xcdatamodel */ = {isa = PBXFileReference; lastKnownFileType = wrapper.xcdatamodel; path = GymBuddyModel1.1.xcdatamodel; sourceTree = "<group>"; };
		D67D7CF7170E75DC00E12E96 /* GymBuddyModel1.2.xcdatamodel */ = {isa = PBXFileReference; lastKnownFileType = wrapper.xcdatamodel; path = GymBuddyModel1.2.xcdatamodel; sourceTree = "<group>"; };
		D67D7CF8170E75DC00E12E96 /* GymBuddyModel1.3.xcdatamodel */ = {isa = PBXFileReference; lastKnownFileType = wrapper.xcdatamodel; path = GymBuddyModel1.3.xcdatamodel; sourceTree = "<group>"; };
		D67E15FD18B2A3E4001E9257 /* GymBuddyModel1.4.4.xcdatamodel */ = {isa = PBXFileReference; lastKnownFileType = wrapper.xcdatamodel; path = GymBuddyModel1.4.4.xcdatamodel; sourceTree = "<group>"; };
		D67E161618B2A4EE001E9257 /* GymBuddyModel1.4.5.xcdatamodel */ = {isa = PBXFileReference; lastKnownFileType = wrapper.xcdatamodel; path = GymBuddyModel1.4.5.xcdatamodel; sourceTree = "<group>"; };
		D67E165618B2C7BE001E9257 /* WorkoutSequence.h */ = {isa = PBXFileReference; fileEncoding = 4; lastKnownFileType = sourcecode.c.h; name = WorkoutSequence.h; path = FitBuddy/CoreData/WorkoutSequence.h; sourceTree = SOURCE_ROOT; };
		D67E165718B2C7BE001E9257 /* WorkoutSequence.m */ = {isa = PBXFileReference; fileEncoding = 4; lastKnownFileType = sourcecode.c.objc; name = WorkoutSequence.m; path = FitBuddy/CoreData/WorkoutSequence.m; sourceTree = SOURCE_ROOT; };
		D67E165918B2C7BE001E9257 /* LogbookEntry.h */ = {isa = PBXFileReference; fileEncoding = 4; lastKnownFileType = sourcecode.c.h; name = LogbookEntry.h; path = FitBuddy/CoreData/LogbookEntry.h; sourceTree = SOURCE_ROOT; };
		D67E165A18B2C7BE001E9257 /* LogbookEntry.m */ = {isa = PBXFileReference; fileEncoding = 4; lastKnownFileType = sourcecode.c.objc; name = LogbookEntry.m; path = FitBuddy/CoreData/LogbookEntry.m; sourceTree = SOURCE_ROOT; };
		D67E165C18B2C7BE001E9257 /* Workout.h */ = {isa = PBXFileReference; fileEncoding = 4; lastKnownFileType = sourcecode.c.h; name = Workout.h; path = FitBuddy/CoreData/Workout.h; sourceTree = SOURCE_ROOT; };
		D67E165D18B2C7BE001E9257 /* Workout.m */ = {isa = PBXFileReference; fileEncoding = 4; lastKnownFileType = sourcecode.c.objc; name = Workout.m; path = FitBuddy/CoreData/Workout.m; sourceTree = SOURCE_ROOT; };
		D67E165F18B2C7BE001E9257 /* ResistanceExercise.h */ = {isa = PBXFileReference; fileEncoding = 4; lastKnownFileType = sourcecode.c.h; name = ResistanceExercise.h; path = FitBuddy/CoreData/ResistanceExercise.h; sourceTree = SOURCE_ROOT; };
		D67E166018B2C7BE001E9257 /* ResistanceExercise.m */ = {isa = PBXFileReference; fileEncoding = 4; lastKnownFileType = sourcecode.c.objc; name = ResistanceExercise.m; path = FitBuddy/CoreData/ResistanceExercise.m; sourceTree = SOURCE_ROOT; };
		D67E166218B2C7BE001E9257 /* CardioExercise.h */ = {isa = PBXFileReference; fileEncoding = 4; lastKnownFileType = sourcecode.c.h; name = CardioExercise.h; path = FitBuddy/CoreData/CardioExercise.h; sourceTree = SOURCE_ROOT; };
		D67E166318B2C7BE001E9257 /* CardioExercise.m */ = {isa = PBXFileReference; fileEncoding = 4; lastKnownFileType = sourcecode.c.objc; name = CardioExercise.m; path = FitBuddy/CoreData/CardioExercise.m; sourceTree = SOURCE_ROOT; };
		D67E166518B2C7BE001E9257 /* Exercise.h */ = {isa = PBXFileReference; fileEncoding = 4; lastKnownFileType = sourcecode.c.h; name = Exercise.h; path = FitBuddy/CoreData/Exercise.h; sourceTree = SOURCE_ROOT; };
		D67E166618B2C7BE001E9257 /* Exercise.m */ = {isa = PBXFileReference; fileEncoding = 4; lastKnownFileType = sourcecode.c.objc; name = Exercise.m; path = FitBuddy/CoreData/Exercise.m; sourceTree = SOURCE_ROOT; };
		D67E166818B2C7BE001E9257 /* CardioHistory.h */ = {isa = PBXFileReference; fileEncoding = 4; lastKnownFileType = sourcecode.c.h; name = CardioHistory.h; path = FitBuddy/CoreData/CardioHistory.h; sourceTree = SOURCE_ROOT; };
		D67E166918B2C7BE001E9257 /* CardioHistory.m */ = {isa = PBXFileReference; fileEncoding = 4; lastKnownFileType = sourcecode.c.objc; name = CardioHistory.m; path = FitBuddy/CoreData/CardioHistory.m; sourceTree = SOURCE_ROOT; };
		D67E166B18B2C7BE001E9257 /* ResistanceHistory.h */ = {isa = PBXFileReference; fileEncoding = 4; lastKnownFileType = sourcecode.c.h; name = ResistanceHistory.h; path = FitBuddy/CoreData/ResistanceHistory.h; sourceTree = SOURCE_ROOT; };
		D67E166C18B2C7BE001E9257 /* ResistanceHistory.m */ = {isa = PBXFileReference; fileEncoding = 4; lastKnownFileType = sourcecode.c.objc; name = ResistanceHistory.m; path = FitBuddy/CoreData/ResistanceHistory.m; sourceTree = SOURCE_ROOT; };
		D67E166E18B31C97001E9257 /* icon-small.png */ = {isa = PBXFileReference; lastKnownFileType = image.png; path = "icon-small.png"; sourceTree = SOURCE_ROOT; };
		D67E166F18B31C97001E9257 /* icon-big.png */ = {isa = PBXFileReference; lastKnownFileType = image.png; path = "icon-big.png"; sourceTree = SOURCE_ROOT; };
		D687065C18B165740078187D /* GymBuddyModel1.4.3.xcdatamodel */ = {isa = PBXFileReference; lastKnownFileType = wrapper.xcdatamodel; path = GymBuddyModel1.4.3.xcdatamodel; sourceTree = "<group>"; };
		D687067018B291740078187D /* GymBuddyModel1.4.4.xcdatamodel */ = {isa = PBXFileReference; lastKnownFileType = wrapper.xcdatamodel; path = GymBuddyModel1.4.4.xcdatamodel; sourceTree = "<group>"; };
		D696191318A6A793002FE7C2 /* FitBuddyArchive.h */ = {isa = PBXFileReference; fileEncoding = 4; lastKnownFileType = sourcecode.c.h; name = FitBuddyArchive.h; path = FitBuddy/CoreData/FitBuddyArchive.h; sourceTree = SOURCE_ROOT; };
		D696191418A6A793002FE7C2 /* FitBuddyArchive.m */ = {isa = PBXFileReference; fileEncoding = 4; lastKnownFileType = sourcecode.c.objc; name = FitBuddyArchive.m; path = FitBuddy/CoreData/FitBuddyArchive.m; sourceTree = SOURCE_ROOT; };
		D6A5124718CC5157002FDF5F /* MapKit.framework */ = {isa = PBXFileReference; lastKnownFileType = wrapper.framework; name = MapKit.framework; path = System/Library/Frameworks/MapKit.framework; sourceTree = SDKROOT; };
		D6B59827187078340077C3D0 /* MainStoryboard-Autolayout.storyboard */ = {isa = PBXFileReference; fileEncoding = 4; lastKnownFileType = file.storyboard; path = "MainStoryboard-Autolayout.storyboard"; sourceTree = SOURCE_ROOT; };
		D6BC798A18CAAFB4000CEAFB /* PassKit.framework */ = {isa = PBXFileReference; lastKnownFileType = wrapper.framework; name = PassKit.framework; path = System/Library/Frameworks/PassKit.framework; sourceTree = SDKROOT; };
		D6C0AE8518975566004F599E /* WorkoutControlerComponent.xib */ = {isa = PBXFileReference; fileEncoding = 4; lastKnownFileType = file.xib; path = WorkoutControlerComponent.xib; sourceTree = SOURCE_ROOT; };
		D6C0AF0118A34990004F599E /* SwitchCell.h */ = {isa = PBXFileReference; fileEncoding = 4; lastKnownFileType = sourcecode.c.h; path = SwitchCell.h; sourceTree = SOURCE_ROOT; };
		D6C0AF0218A34990004F599E /* SwitchCell.m */ = {isa = PBXFileReference; fileEncoding = 4; lastKnownFileType = sourcecode.c.objc; path = SwitchCell.m; sourceTree = SOURCE_ROOT; };
		D6C26B2A14F15A710068DEA5 /* libz.dylib */ = {isa = PBXFileReference; lastKnownFileType = "compiled.mach-o.dylib"; name = libz.dylib; path = usr/lib/libz.dylib; sourceTree = SDKROOT; };
		D6C2CA0E170E6BB400BA02DA /* CoreDataHelper.h */ = {isa = PBXFileReference; fileEncoding = 4; lastKnownFileType = sourcecode.c.h; name = CoreDataHelper.h; path = FitBuddy/Components/CoreDataHelper.h; sourceTree = SOURCE_ROOT; };
		D6C2CA0F170E6BB400BA02DA /* CoreDataHelper.m */ = {isa = PBXFileReference; fileEncoding = 4; lastKnownFileType = sourcecode.c.objc; name = CoreDataHelper.m; path = FitBuddy/Components/CoreDataHelper.m; sourceTree = SOURCE_ROOT; };
		D6C2CA10170E6BB400BA02DA /* CoreDataTableController.h */ = {isa = PBXFileReference; fileEncoding = 4; lastKnownFileType = sourcecode.c.h; name = CoreDataTableController.h; path = FitBuddy/Components/CoreDataTableController.h; sourceTree = SOURCE_ROOT; };
		D6C2CA11170E6BB400BA02DA /* CoreDataTableController.m */ = {isa = PBXFileReference; fileEncoding = 4; lastKnownFileType = sourcecode.c.objc; name = CoreDataTableController.m; path = FitBuddy/Components/CoreDataTableController.m; sourceTree = SOURCE_ROOT; };
		D6C2CA12170E6BB400BA02DA /* CoreDataTableViewController.h */ = {isa = PBXFileReference; fileEncoding = 4; lastKnownFileType = sourcecode.c.h; name = CoreDataTableViewController.h; path = FitBuddy/Components/CoreDataTableViewController.h; sourceTree = SOURCE_ROOT; };
		D6C2CA13170E6BB400BA02DA /* CoreDataTableViewController.m */ = {isa = PBXFileReference; fileEncoding = 4; lastKnownFileType = sourcecode.c.objc; name = CoreDataTableViewController.m; path = FitBuddy/Components/CoreDataTableViewController.m; sourceTree = SOURCE_ROOT; };
		D6C2CA14170E6BB400BA02DA /* GymBuddyAppDelegate.h */ = {isa = PBXFileReference; fileEncoding = 4; lastKnownFileType = sourcecode.c.h; name = GymBuddyAppDelegate.h; path = FitBuddy/Components/GymBuddyAppDelegate.h; sourceTree = SOURCE_ROOT; };
		D6C2CA15170E6BB400BA02DA /* GymBuddyAppDelegate.m */ = {isa = PBXFileReference; fileEncoding = 4; lastKnownFileType = sourcecode.c.objc; name = GymBuddyAppDelegate.m; path = FitBuddy/Components/GymBuddyAppDelegate.m; sourceTree = SOURCE_ROOT; };
		D6C2CA16170E6BB400BA02DA /* FitBuddyMacros.h */ = {isa = PBXFileReference; fileEncoding = 4; lastKnownFileType = sourcecode.c.h; name = FitBuddyMacros.h; path = FitBuddy/Components/FitBuddyMacros.h; sourceTree = SOURCE_ROOT; };
		D6C2CA17170E6BB400BA02DA /* NSData+CocoaDevUsersAdditions.h */ = {isa = PBXFileReference; fileEncoding = 4; lastKnownFileType = sourcecode.c.h; name = "NSData+CocoaDevUsersAdditions.h"; path = "FitBuddy/Components/NSData+CocoaDevUsersAdditions.h"; sourceTree = SOURCE_ROOT; };
		D6C2CA18170E6BB400BA02DA /* NSData+CocoaDevUsersAdditions.m */ = {isa = PBXFileReference; fileEncoding = 4; lastKnownFileType = sourcecode.c.objc; name = "NSData+CocoaDevUsersAdditions.m"; path = "FitBuddy/Components/NSData+CocoaDevUsersAdditions.m"; sourceTree = SOURCE_ROOT; };
		D6C2CA2A170E6BDA00BA02DA /* LogbookEntry+TDate.h */ = {isa = PBXFileReference; fileEncoding = 4; lastKnownFileType = sourcecode.c.h; name = "LogbookEntry+TDate.h"; path = "FitBuddy/CoreData/LogbookEntry+TDate.h"; sourceTree = SOURCE_ROOT; };
		D6C2CA2B170E6BDA00BA02DA /* LogbookEntry+TDate.m */ = {isa = PBXFileReference; fileEncoding = 4; lastKnownFileType = sourcecode.c.objc; name = "LogbookEntry+TDate.m"; path = "FitBuddy/CoreData/LogbookEntry+TDate.m"; sourceTree = SOURCE_ROOT; };
		D6C2CA36170E6C0100BA02DA /* GymBuddyMappingModel1.0.xcmappingmodel */ = {isa = PBXFileReference; lastKnownFileType = wrapper.xcmappingmodel; name = GymBuddyMappingModel1.0.xcmappingmodel; path = FitBuddy/CoreData/GymBuddyMappingModel1.0.xcmappingmodel; sourceTree = SOURCE_ROOT; };
		D6C2CA37170E6C0100BA02DA /* GymBuddyMappingModel1.1.xcmappingmodel */ = {isa = PBXFileReference; lastKnownFileType = wrapper.xcmappingmodel; name = GymBuddyMappingModel1.1.xcmappingmodel; path = FitBuddy/CoreData/GymBuddyMappingModel1.1.xcmappingmodel; sourceTree = SOURCE_ROOT; };
		D6C2CA38170E6C0100BA02DA /* GymBuddyMappingModel1.2.xcmappingmodel */ = {isa = PBXFileReference; lastKnownFileType = wrapper.xcmappingmodel; name = GymBuddyMappingModel1.2.xcmappingmodel; path = FitBuddy/CoreData/GymBuddyMappingModel1.2.xcmappingmodel; sourceTree = SOURCE_ROOT; };
		D6C2CA39170E6C0100BA02DA /* GymBuddyMappingModel1.3.xcmappingmodel */ = {isa = PBXFileReference; lastKnownFileType = wrapper.xcmappingmodel; name = GymBuddyMappingModel1.3.xcmappingmodel; path = FitBuddy/CoreData/GymBuddyMappingModel1.3.xcmappingmodel; sourceTree = SOURCE_ROOT; };
		D6C2CA47170E6C4000BA02DA /* ExerciseAddViewController.h */ = {isa = PBXFileReference; fileEncoding = 4; lastKnownFileType = sourcecode.c.h; name = ExerciseAddViewController.h; path = FitBuddy/MainViewControllers/ExerciseAddViewController.h; sourceTree = SOURCE_ROOT; };
		D6C2CA48170E6C4000BA02DA /* ExerciseAddViewController.m */ = {isa = PBXFileReference; fileEncoding = 4; lastKnownFileType = sourcecode.c.objc; name = ExerciseAddViewController.m; path = FitBuddy/MainViewControllers/ExerciseAddViewController.m; sourceTree = SOURCE_ROOT; };
		D6C2CA49170E6C4000BA02DA /* ExerciseControlController.h */ = {isa = PBXFileReference; fileEncoding = 4; lastKnownFileType = sourcecode.c.h; name = ExerciseControlController.h; path = FitBuddy/MainViewControllers/ExerciseControlController.h; sourceTree = SOURCE_ROOT; };
		D6C2CA4A170E6C4000BA02DA /* ExerciseControlController.m */ = {isa = PBXFileReference; fileEncoding = 4; lastKnownFileType = sourcecode.c.objc; name = ExerciseControlController.m; path = FitBuddy/MainViewControllers/ExerciseControlController.m; sourceTree = SOURCE_ROOT; };
		D6C2CA4B170E6C4000BA02DA /* ExerciseEditViewController.h */ = {isa = PBXFileReference; fileEncoding = 4; lastKnownFileType = sourcecode.c.h; name = ExerciseEditViewController.h; path = FitBuddy/MainViewControllers/ExerciseEditViewController.h; sourceTree = SOURCE_ROOT; };
		D6C2CA4C170E6C4000BA02DA /* ExerciseEditViewController.m */ = {isa = PBXFileReference; fileEncoding = 4; lastKnownFileType = sourcecode.c.objc; name = ExerciseEditViewController.m; path = FitBuddy/MainViewControllers/ExerciseEditViewController.m; sourceTree = SOURCE_ROOT; };
		D6C2CA4D170E6C4000BA02DA /* ExerciseListTableViewController.h */ = {isa = PBXFileReference; fileEncoding = 4; lastKnownFileType = sourcecode.c.h; name = ExerciseListTableViewController.h; path = FitBuddy/MainViewControllers/ExerciseListTableViewController.h; sourceTree = SOURCE_ROOT; };
		D6C2CA4E170E6C4000BA02DA /* ExerciseListTableViewController.m */ = {isa = PBXFileReference; fileEncoding = 4; lastKnownFileType = sourcecode.c.objc; name = ExerciseListTableViewController.m; path = FitBuddy/MainViewControllers/ExerciseListTableViewController.m; sourceTree = SOURCE_ROOT; };
		D6C2CA4F170E6C4000BA02DA /* LogbookEntryViewController.h */ = {isa = PBXFileReference; fileEncoding = 4; lastKnownFileType = sourcecode.c.h; name = LogbookEntryViewController.h; path = FitBuddy/MainViewControllers/LogbookEntryViewController.h; sourceTree = SOURCE_ROOT; };
		D6C2CA50170E6C4000BA02DA /* LogbookEntryViewController.m */ = {isa = PBXFileReference; fileEncoding = 4; lastKnownFileType = sourcecode.c.objc; name = LogbookEntryViewController.m; path = FitBuddy/MainViewControllers/LogbookEntryViewController.m; sourceTree = SOURCE_ROOT; };
		D6C2CA51170E6C4000BA02DA /* LogbookViewController.h */ = {isa = PBXFileReference; fileEncoding = 4; lastKnownFileType = sourcecode.c.h; name = LogbookViewController.h; path = FitBuddy/MainViewControllers/LogbookViewController.h; sourceTree = SOURCE_ROOT; };
		D6C2CA52170E6C4000BA02DA /* LogbookViewController.m */ = {isa = PBXFileReference; fileEncoding = 4; lastKnownFileType = sourcecode.c.objc; name = LogbookViewController.m; path = FitBuddy/MainViewControllers/LogbookViewController.m; sourceTree = SOURCE_ROOT; };
		D6C2CA53170E6C4000BA02DA /* NotesEditorViewController.h */ = {isa = PBXFileReference; fileEncoding = 4; lastKnownFileType = sourcecode.c.h; name = NotesEditorViewController.h; path = FitBuddy/MainViewControllers/NotesEditorViewController.h; sourceTree = SOURCE_ROOT; };
		D6C2CA54170E6C4000BA02DA /* NotesEditorViewController.m */ = {isa = PBXFileReference; fileEncoding = 4; lastKnownFileType = sourcecode.c.objc; name = NotesEditorViewController.m; path = FitBuddy/MainViewControllers/NotesEditorViewController.m; sourceTree = SOURCE_ROOT; };
		D6C2CA55170E6C4000BA02DA /* SettingsIncrementViewController.h */ = {isa = PBXFileReference; fileEncoding = 4; lastKnownFileType = sourcecode.c.h; name = SettingsIncrementViewController.h; path = FitBuddy/MainViewControllers/SettingsIncrementViewController.h; sourceTree = SOURCE_ROOT; };
		D6C2CA56170E6C4000BA02DA /* SettingsIncrementViewController.m */ = {isa = PBXFileReference; fileEncoding = 4; lastKnownFileType = sourcecode.c.objc; name = SettingsIncrementViewController.m; path = FitBuddy/MainViewControllers/SettingsIncrementViewController.m; sourceTree = SOURCE_ROOT; };
		D6C2CA57170E6C4000BA02DA /* SettingsViewController.h */ = {isa = PBXFileReference; fileEncoding = 4; lastKnownFileType = sourcecode.c.h; name = SettingsViewController.h; path = FitBuddy/MainViewControllers/SettingsViewController.h; sourceTree = SOURCE_ROOT; };
		D6C2CA58170E6C4000BA02DA /* SettingsViewController.m */ = {isa = PBXFileReference; fileEncoding = 4; lastKnownFileType = sourcecode.c.objc; name = SettingsViewController.m; path = FitBuddy/MainViewControllers/SettingsViewController.m; sourceTree = SOURCE_ROOT; };
		D6C2CA59170E6C4000BA02DA /* WorkoutAddViewController.h */ = {isa = PBXFileReference; fileEncoding = 4; lastKnownFileType = sourcecode.c.h; name = WorkoutAddViewController.h; path = FitBuddy/MainViewControllers/WorkoutAddViewController.h; sourceTree = SOURCE_ROOT; };
		D6C2CA5A170E6C4000BA02DA /* WorkoutAddViewController.m */ = {isa = PBXFileReference; fileEncoding = 4; lastKnownFileType = sourcecode.c.objc; name = WorkoutAddViewController.m; path = FitBuddy/MainViewControllers/WorkoutAddViewController.m; sourceTree = SOURCE_ROOT; };
		D6C2CA6D170E6C8800BA02DA /* WorkoutSummaryViewController.h */ = {isa = PBXFileReference; fileEncoding = 4; lastKnownFileType = sourcecode.c.h; path = WorkoutSummaryViewController.h; sourceTree = "<group>"; };
		D6C2CA6E170E6C8800BA02DA /* WorkoutSummaryViewController.m */ = {isa = PBXFileReference; fileEncoding = 4; lastKnownFileType = sourcecode.c.objc; path = WorkoutSummaryViewController.m; sourceTree = "<group>"; };
		D6C2CA6F170E6C8800BA02DA /* WorkoutViewController.h */ = {isa = PBXFileReference; fileEncoding = 4; lastKnownFileType = sourcecode.c.h; path = WorkoutViewController.h; sourceTree = "<group>"; };
		D6C2CA70170E6C8800BA02DA /* WorkoutViewController.m */ = {isa = PBXFileReference; fileEncoding = 4; lastKnownFileType = sourcecode.c.objc; path = WorkoutViewController.m; sourceTree = "<group>"; };
		D6C2CB04170E6D2500BA02DA /* FitBuddy-Info.plist */ = {isa = PBXFileReference; fileEncoding = 4; lastKnownFileType = text.plist.xml; name = "FitBuddy-Info.plist"; path = "FitBuddy/FitBuddy-Info.plist"; sourceTree = SOURCE_ROOT; };
		D6C2CB05170E6D2500BA02DA /* FitBuddy-Prefix.pch */ = {isa = PBXFileReference; fileEncoding = 4; lastKnownFileType = sourcecode.c.h; name = "FitBuddy-Prefix.pch"; path = "FitBuddy/FitBuddy-Prefix.pch"; sourceTree = SOURCE_ROOT; };
		D6C2CB06170E6D2500BA02DA /* main.m */ = {isa = PBXFileReference; fileEncoding = 4; lastKnownFileType = sourcecode.c.objc; name = main.m; path = FitBuddy/main.m; sourceTree = SOURCE_ROOT; };
		D6C2CB0B170E6D5300BA02DA /* en */ = {isa = PBXFileReference; lastKnownFileType = text.plist.strings; name = en; path = InfoPlist.strings; sourceTree = "<group>"; };
		D6CEC98A14DA6A6C002DC3B0 /* CoreData.framework */ = {isa = PBXFileReference; lastKnownFileType = wrapper.framework; name = CoreData.framework; path = System/Library/Frameworks/CoreData.framework; sourceTree = SDKROOT; };
		D6FF1D141870B50A004A1D2A /* Images.xcassets */ = {isa = PBXFileReference; lastKnownFileType = folder.assetcatalog; name = Images.xcassets; path = FitBuddy/Images.xcassets; sourceTree = SOURCE_ROOT; };
/* End PBXFileReference section */

/* Begin PBXFrameworksBuildPhase section */
		D60B4CB614D7A888001ECCE3 /* Frameworks */ = {
			isa = PBXFrameworksBuildPhase;
			buildActionMask = 2147483647;
			files = (
				D6C26B2B14F15A710068DEA5 /* libz.dylib in Frameworks */,
				D63E445818AB2DA500A13883 /* QuartzCore.framework in Frameworks */,
				D6A5124818CC5157002FDF5F /* MapKit.framework in Frameworks */,
				D655261218CC5BC900AF55A6 /* CoreLocation.framework in Frameworks */,
				D6CEC98B14DA6A6C002DC3B0 /* CoreData.framework in Frameworks */,
				D60B4CBE14D7A888001ECCE3 /* UIKit.framework in Frameworks */,
				D60B4CC014D7A888001ECCE3 /* Foundation.framework in Frameworks */,
				D60B4CC214D7A888001ECCE3 /* CoreGraphics.framework in Frameworks */,
				D6BC798B18CAAFB4000CEAFB /* PassKit.framework in Frameworks */,
				D655261418CC5BFB00AF55A6 /* Security.framework in Frameworks */,
			);
			runOnlyForDeploymentPostprocessing = 0;
		};
/* End PBXFrameworksBuildPhase section */

/* Begin PBXGroup section */
		D601921018AFDF1300255256 /* Demo */ = {
			isa = PBXGroup;
			children = (
				D601920D18AFDF0C00255256 /* DemoViewController.h */,
				D601920E18AFDF0C00255256 /* DemoViewController.m */,
				D601921118AFDF6F00255256 /* DemoContentViewController.h */,
				D601921218AFDF6F00255256 /* DemoContentViewController.m */,
			);
			name = Demo;
			sourceTree = "<group>";
		};
		D60B4CAE14D7A888001ECCE3 = {
			isa = PBXGroup;
			children = (
				D60B4CC314D7A888001ECCE3 /* FitBuddy */,
				D60B4CBC14D7A888001ECCE3 /* Frameworks */,
				D6135CD3151027D30055F337 /* FitBuddy.app */,
			);
			sourceTree = "<group>";
		};
		D60B4CBC14D7A888001ECCE3 /* Frameworks */ = {
			isa = PBXGroup;
			children = (
				D655261318CC5BFB00AF55A6 /* Security.framework */,
				D655261118CC5BC900AF55A6 /* CoreLocation.framework */,
				D6A5124718CC5157002FDF5F /* MapKit.framework */,
				D6BC798A18CAAFB4000CEAFB /* PassKit.framework */,
				D63E445718AB2DA500A13883 /* QuartzCore.framework */,
				D6CEC98A14DA6A6C002DC3B0 /* CoreData.framework */,
				D60B4CBD14D7A888001ECCE3 /* UIKit.framework */,
				D60B4CBF14D7A888001ECCE3 /* Foundation.framework */,
				D60B4CC114D7A888001ECCE3 /* CoreGraphics.framework */,
			);
			name = Frameworks;
			sourceTree = "<group>";
		};
		D60B4CC314D7A888001ECCE3 /* FitBuddy */ = {
			isa = PBXGroup;
			children = (
				D65525B218CC55E500AF55A6 /* GymPass */,
				D696191B18A6AC8B002FE7C2 /* AppDelegate */,
				D6C2CA65170E6C4C00BA02DA /* MainViewControllers */,
				D625E85818B00D5600FFE96D /* New Workout Mode */,
				D6C2CA68170E6C8800BA02DA /* WorkoutModeControllers */,
				D696191118A6A066002FE7C2 /* Settings Controllers */,
				D696191A18A6A9C4002FE7C2 /* Utilities */,
				D67825D614E583B600C00BD4 /* Components */,
				D67825D814E583FC00C00BD4 /* CoreData Model */,
				D67825D714E583E600C00BD4 /* Storyboards */,
				D60B4CC414D7A888001ECCE3 /* Supporting Files */,
				D601921018AFDF1300255256 /* Demo */,
			);
			name = FitBuddy;
			path = GymBuddy;
			sourceTree = SOURCE_ROOT;
		};
		D60B4CC414D7A888001ECCE3 /* Supporting Files */ = {
			isa = PBXGroup;
			children = (
				D67E166E18B31C97001E9257 /* icon-small.png */,
				D67E166F18B31C97001E9257 /* icon-big.png */,
				D6C2CB09170E6D5300BA02DA /* en.lproj */,
				D67D7CE5170E708300E12E96 /* FitBuddy.entitlements */,
				D6C2CB04170E6D2500BA02DA /* FitBuddy-Info.plist */,
				D6C2CB05170E6D2500BA02DA /* FitBuddy-Prefix.pch */,
				D6C2CB06170E6D2500BA02DA /* main.m */,
				D6C26B2A14F15A710068DEA5 /* libz.dylib */,
			);
			name = "Supporting Files";
			sourceTree = "<group>";
		};
		D625E85818B00D5600FFE96D /* New Workout Mode */ = {
			isa = PBXGroup;
			children = (
				D625E86518B00ED900FFE96D /* WorkoutModeParentController2.h */,
				D625E86618B00ED900FFE96D /* WorkoutModeParentController2.m */,
				D625E86718B00ED900FFE96D /* WorkoutModeViewController2.h */,
				D625E86818B00ED900FFE96D /* WorkoutModeViewController2.m */,
			);
			name = "New Workout Mode";
			path = ../FitBuddy/WorkoutModeControllers;
			sourceTree = "<group>";
		};
		D63E444218AB29BF00A13883 /* JBChartView */ = {
			isa = PBXGroup;
			children = (
				D63E444E18AB2CA300A13883 /* JBBarChartView.h */,
				D63E444F18AB2CA300A13883 /* JBBarChartView.m */,
				D63E445018AB2CA300A13883 /* JBChartView.h */,
				D63E445118AB2CA300A13883 /* JBChartView.m */,
				D63E445218AB2CA300A13883 /* JBLineChartView.h */,
				D63E445318AB2CA300A13883 /* JBLineChartView.m */,
			);
			name = JBChartView;
			path = Classes;
			sourceTree = SOURCE_ROOT;
		};
		D655259618CC55DB00AF55A6 /* Foursquare2 */ = {
			isa = PBXGroup;
			children = (
				D65525F618CC568B00AF55A6 /* CHANGELOG.md */,
				D65525F718CC568B00AF55A6 /* Foursquare2.h */,
				D65525F818CC568B00AF55A6 /* Foursquare2.m */,
				D65525F918CC568B00AF55A6 /* FSKeychain.h */,
				D65525FA18CC568B00AF55A6 /* FSKeychain.m */,
				D65525FB18CC568B00AF55A6 /* FSOAuthNoAppStore.h */,
				D65525FC18CC568B00AF55A6 /* FSOAuthNoAppStore.m */,
				D65525FD18CC568B00AF55A6 /* FSOperation.h */,
				D65525FE18CC568B00AF55A6 /* FSOperation.m */,
				D65525FF18CC568B00AF55A6 /* FSWebLogin.h */,
				D655260018CC568B00AF55A6 /* FSWebLogin.m */,
				D655260118CC568B00AF55A6 /* FSWebLogin.xib */,
				D655260218CC568B00AF55A6 /* pin.png */,
				D655260318CC568B00AF55A6 /* pin@2x.png */,
				D655260418CC568B00AF55A6 /* poweredByFoursquare_gray.png */,
				D655260518CC568B00AF55A6 /* poweredByFoursquare_gray@2x.png */,
			);
			name = Foursquare2;
			path = "../../giant-robot-gympass/Foursquare2";
			sourceTree = "<group>";
		};
		D65525B218CC55E500AF55A6 /* GymPass */ = {
			isa = PBXGroup;
			children = (
				D655259618CC55DB00AF55A6 /* Foursquare2 */,
				D65525B318CC561A00AF55A6 /* Constants.h */,
				D623E71C18CD89E800F1DA21 /* FoursquareConstants.h */,
				D65525B418CC561A00AF55A6 /* FSConverter.h */,
				D65525B518CC561A00AF55A6 /* FSConverter.m */,
				D65525B618CC561A00AF55A6 /* FSVenue.h */,
				D65525B718CC561A00AF55A6 /* FSVenue.m */,
				D65525B818CC561A00AF55A6 /* GymPassViewController.h */,
				D65525B918CC561A00AF55A6 /* GymPassViewController.m */,
				D65525BA18CC561A00AF55A6 /* NearbyVenuesViewController.h */,
				D65525BB18CC561A00AF55A6 /* NearbyVenuesViewController.m */,
			);
			name = GymPass;
			sourceTree = "<group>";
		};
		D67825D614E583B600C00BD4 /* Components */ = {
			isa = PBXGroup;
			children = (
				D63E444218AB29BF00A13883 /* JBChartView */,
				D6C0AF0118A34990004F599E /* SwitchCell.h */,
				D6C0AF0218A34990004F599E /* SwitchCell.m */,
				D6C2CA10170E6BB400BA02DA /* CoreDataTableController.h */,
				D6C2CA11170E6BB400BA02DA /* CoreDataTableController.m */,
				D6C2CA12170E6BB400BA02DA /* CoreDataTableViewController.h */,
				D6C2CA13170E6BB400BA02DA /* CoreDataTableViewController.m */,
			);
			name = Components;
			sourceTree = "<group>";
		};
		D67825D714E583E600C00BD4 /* Storyboards */ = {
			isa = PBXGroup;
			children = (
				D6FF1D141870B50A004A1D2A /* Images.xcassets */,
				D601921418AFE01600255256 /* Demo.xcassets */,
				D6B59827187078340077C3D0 /* MainStoryboard-Autolayout.storyboard */,
				D6C0AE8518975566004F599E /* WorkoutControlerComponent.xib */,
			);
			name = Storyboards;
			sourceTree = "<group>";
		};
		D67825D814E583FC00C00BD4 /* CoreData Model */ = {
			isa = PBXGroup;
			children = (
				D67D7CF3170E75DC00E12E96 /* GymBuddyModel.xcdatamodeld */,
				D67E165C18B2C7BE001E9257 /* Workout.h */,
				D67E165D18B2C7BE001E9257 /* Workout.m */,
				D67E166B18B2C7BE001E9257 /* ResistanceHistory.h */,
				D67E166C18B2C7BE001E9257 /* ResistanceHistory.m */,
				D67E166818B2C7BE001E9257 /* CardioHistory.h */,
				D67E166918B2C7BE001E9257 /* CardioHistory.m */,
				D67E166518B2C7BE001E9257 /* Exercise.h */,
				D67E166618B2C7BE001E9257 /* Exercise.m */,
				D67E166218B2C7BE001E9257 /* CardioExercise.h */,
				D67E166318B2C7BE001E9257 /* CardioExercise.m */,
				D67E165F18B2C7BE001E9257 /* ResistanceExercise.h */,
				D67E166018B2C7BE001E9257 /* ResistanceExercise.m */,
				D67E165918B2C7BE001E9257 /* LogbookEntry.h */,
				D67E165A18B2C7BE001E9257 /* LogbookEntry.m */,
				D67E165618B2C7BE001E9257 /* WorkoutSequence.h */,
				D67E165718B2C7BE001E9257 /* WorkoutSequence.m */,
				D6C2CA2A170E6BDA00BA02DA /* LogbookEntry+TDate.h */,
				D6C2CA2B170E6BDA00BA02DA /* LogbookEntry+TDate.m */,
				D6C2CA36170E6C0100BA02DA /* GymBuddyMappingModel1.0.xcmappingmodel */,
				D6C2CA37170E6C0100BA02DA /* GymBuddyMappingModel1.1.xcmappingmodel */,
				D6C2CA38170E6C0100BA02DA /* GymBuddyMappingModel1.2.xcmappingmodel */,
				D6C2CA39170E6C0100BA02DA /* GymBuddyMappingModel1.3.xcmappingmodel */,
			);
			name = "CoreData Model";
			sourceTree = "<group>";
		};
		D696191118A6A066002FE7C2 /* Settings Controllers */ = {
			isa = PBXGroup;
			children = (
				D6C2CA55170E6C4000BA02DA /* SettingsIncrementViewController.h */,
				D6C2CA56170E6C4000BA02DA /* SettingsIncrementViewController.m */,
				D6C2CA57170E6C4000BA02DA /* SettingsViewController.h */,
				D6C2CA58170E6C4000BA02DA /* SettingsViewController.m */,
			);
			name = "Settings Controllers";
			sourceTree = "<group>";
		};
		D696191A18A6A9C4002FE7C2 /* Utilities */ = {
			isa = PBXGroup;
			children = (
				D6C2CA16170E6BB400BA02DA /* FitBuddyMacros.h */,
				D63E446A18ACF49700A13883 /* BarChartDataSource.h */,
				D63E446B18ACF49700A13883 /* BarChartDataSource.m */,
				D6C2CA0E170E6BB400BA02DA /* CoreDataHelper.h */,
				D6C2CA0F170E6BB400BA02DA /* CoreDataHelper.m */,
				D696191318A6A793002FE7C2 /* FitBuddyArchive.h */,
				D696191418A6A793002FE7C2 /* FitBuddyArchive.m */,
				D6C2CA17170E6BB400BA02DA /* NSData+CocoaDevUsersAdditions.h */,
				D6C2CA18170E6BB400BA02DA /* NSData+CocoaDevUsersAdditions.m */,
			);
			name = Utilities;
			sourceTree = "<group>";
		};
		D696191B18A6AC8B002FE7C2 /* AppDelegate */ = {
			isa = PBXGroup;
			children = (
				D6C2CA14170E6BB400BA02DA /* GymBuddyAppDelegate.h */,
				D6C2CA15170E6BB400BA02DA /* GymBuddyAppDelegate.m */,
			);
			name = AppDelegate;
			sourceTree = "<group>";
		};
		D6C2CA65170E6C4C00BA02DA /* MainViewControllers */ = {
			isa = PBXGroup;
			children = (
				D6C2CA47170E6C4000BA02DA /* ExerciseAddViewController.h */,
				D6C2CA48170E6C4000BA02DA /* ExerciseAddViewController.m */,
				D6C2CA49170E6C4000BA02DA /* ExerciseControlController.h */,
				D6C2CA4A170E6C4000BA02DA /* ExerciseControlController.m */,
				D6C2CA4B170E6C4000BA02DA /* ExerciseEditViewController.h */,
				D6C2CA4C170E6C4000BA02DA /* ExerciseEditViewController.m */,
				D6C2CA4D170E6C4000BA02DA /* ExerciseListTableViewController.h */,
				D6C2CA4E170E6C4000BA02DA /* ExerciseListTableViewController.m */,
				D6C2CA4F170E6C4000BA02DA /* LogbookEntryViewController.h */,
				D6C2CA50170E6C4000BA02DA /* LogbookEntryViewController.m */,
				D6C2CA51170E6C4000BA02DA /* LogbookViewController.h */,
				D6C2CA52170E6C4000BA02DA /* LogbookViewController.m */,
				D6C2CA53170E6C4000BA02DA /* NotesEditorViewController.h */,
				D6C2CA54170E6C4000BA02DA /* NotesEditorViewController.m */,
			);
			name = MainViewControllers;
			sourceTree = "<group>";
		};
		D6C2CA68170E6C8800BA02DA /* WorkoutModeControllers */ = {
			isa = PBXGroup;
			children = (
				D6C2CA6D170E6C8800BA02DA /* WorkoutSummaryViewController.h */,
				D6C2CA6E170E6C8800BA02DA /* WorkoutSummaryViewController.m */,
				D6C2CA59170E6C4000BA02DA /* WorkoutAddViewController.h */,
				D6C2CA5A170E6C4000BA02DA /* WorkoutAddViewController.m */,
				D6C2CA6F170E6C8800BA02DA /* WorkoutViewController.h */,
				D6C2CA70170E6C8800BA02DA /* WorkoutViewController.m */,
			);
			name = WorkoutModeControllers;
			path = FitBuddy/WorkoutModeControllers;
			sourceTree = SOURCE_ROOT;
		};
		D6C2CB09170E6D5300BA02DA /* en.lproj */ = {
			isa = PBXGroup;
			children = (
				D6C2CB0A170E6D5300BA02DA /* InfoPlist.strings */,
			);
			name = en.lproj;
			path = FitBuddy/en.lproj;
			sourceTree = SOURCE_ROOT;
		};
/* End PBXGroup section */

/* Begin PBXNativeTarget section */
		D60B4CB814D7A888001ECCE3 /* FitBuddy */ = {
			isa = PBXNativeTarget;
			buildConfigurationList = D60B4CDA14D7A888001ECCE3 /* Build configuration list for PBXNativeTarget "FitBuddy" */;
			buildPhases = (
				D60B4CB514D7A888001ECCE3 /* Sources */,
				D60B4CB614D7A888001ECCE3 /* Frameworks */,
				D60B4CB714D7A888001ECCE3 /* Resources */,
			);
			buildRules = (
			);
			dependencies = (
			);
			name = FitBuddy;
			productName = GymBuddy;
			productReference = D6135CD3151027D30055F337 /* FitBuddy.app */;
			productType = "com.apple.product-type.application";
		};
/* End PBXNativeTarget section */

/* Begin PBXProject section */
		D60B4CB014D7A888001ECCE3 /* Project object */ = {
			isa = PBXProject;
			attributes = {
				LastUpgradeCheck = 0500;
				ORGANIZATIONNAME = jneyer.com;
				TargetAttributes = {
					D60B4CB814D7A888001ECCE3 = {
						DevelopmentTeam = MK3WE6JNT9;
						SystemCapabilities = {
							com.apple.Keychain = {
								enabled = 0;
							};
							com.apple.Passbook = {
								enabled = 1;
							};
							com.apple.iOS = {
								enabled = 1;
							};
						};
					};
				};
			};
			buildConfigurationList = D60B4CB314D7A888001ECCE3 /* Build configuration list for PBXProject "FitBuddy" */;
			compatibilityVersion = "Xcode 3.2";
			developmentRegion = English;
			hasScannedForEncodings = 0;
			knownRegions = (
				en,
			);
			mainGroup = D60B4CAE14D7A888001ECCE3;
			productRefGroup = D60B4CAE14D7A888001ECCE3;
			projectDirPath = "";
			projectRoot = "";
			targets = (
				D60B4CB814D7A888001ECCE3 /* FitBuddy */,
			);
		};
/* End PBXProject section */

/* Begin PBXResourcesBuildPhase section */
		D60B4CB714D7A888001ECCE3 /* Resources */ = {
			isa = PBXResourcesBuildPhase;
			buildActionMask = 2147483647;
			files = (
				D67E167118B31C97001E9257 /* icon-big.png in Resources */,
				D6FF1D151870B50A004A1D2A /* Images.xcassets in Resources */,
				D655260F18CC568B00AF55A6 /* poweredByFoursquare_gray.png in Resources */,
				D655260E18CC568B00AF55A6 /* pin@2x.png in Resources */,
				D6B59828187078340077C3D0 /* MainStoryboard-Autolayout.storyboard in Resources */,
				D6C2CB0C170E6D5300BA02DA /* InfoPlist.strings in Resources */,
				D601921518AFE01600255256 /* Demo.xcassets in Resources */,
				D655260C18CC568B00AF55A6 /* FSWebLogin.xib in Resources */,
				D67E167018B31C97001E9257 /* icon-small.png in Resources */,
				D655260D18CC568B00AF55A6 /* pin.png in Resources */,
				D655261018CC568B00AF55A6 /* poweredByFoursquare_gray@2x.png in Resources */,
				D67D7CE8170E708300E12E96 /* FitBuddy.entitlements in Resources */,
				D655260618CC568B00AF55A6 /* CHANGELOG.md in Resources */,
				D6C0AE8618975566004F599E /* WorkoutControlerComponent.xib in Resources */,
			);
			runOnlyForDeploymentPostprocessing = 0;
		};
/* End PBXResourcesBuildPhase section */

/* Begin PBXSourcesBuildPhase section */
		D60B4CB514D7A888001ECCE3 /* Sources */ = {
			isa = PBXSourcesBuildPhase;
			buildActionMask = 2147483647;
			files = (
				D625E86C18B00EF900FFE96D /* WorkoutModeParentController2.m in Sources */,
				D625E86E18B00EF900FFE96D /* WorkoutModeViewController2.m in Sources */,
				D67E165E18B2C7BE001E9257 /* Workout.m in Sources */,
				D6C2CA1D170E6BB400BA02DA /* CoreDataHelper.m in Sources */,
				D63E445618AB2CA300A13883 /* JBLineChartView.m in Sources */,
				D6C2CA1E170E6BB400BA02DA /* CoreDataTableController.m in Sources */,
				D601921318AFDF6F00255256 /* DemoContentViewController.m in Sources */,
				D6C2CA1F170E6BB400BA02DA /* CoreDataTableViewController.m in Sources */,
				D63E445518AB2CA300A13883 /* JBChartView.m in Sources */,
				D6C2CA20170E6BB400BA02DA /* GymBuddyAppDelegate.m in Sources */,
				D6C2CA21170E6BB400BA02DA /* NSData+CocoaDevUsersAdditions.m in Sources */,
				D6C2CA33170E6BDA00BA02DA /* LogbookEntry+TDate.m in Sources */,
				D6C2CA40170E6C0100BA02DA /* GymBuddyMappingModel1.0.xcmappingmodel in Sources */,
				D65525BF18CC561A00AF55A6 /* NearbyVenuesViewController.m in Sources */,
				D65525BD18CC561A00AF55A6 /* FSVenue.m in Sources */,
				D6C2CA41170E6C0100BA02DA /* GymBuddyMappingModel1.1.xcmappingmodel in Sources */,
				D6C2CA42170E6C0100BA02DA /* GymBuddyMappingModel1.2.xcmappingmodel in Sources */,
				D6C2CA43170E6C0100BA02DA /* GymBuddyMappingModel1.3.xcmappingmodel in Sources */,
				D67E166718B2C7BE001E9257 /* Exercise.m in Sources */,
				D6C2CA5B170E6C4000BA02DA /* ExerciseAddViewController.m in Sources */,
				D6C2CA5C170E6C4000BA02DA /* ExerciseControlController.m in Sources */,
				D63E445418AB2CA300A13883 /* JBBarChartView.m in Sources */,
				D6C2CA5D170E6C4000BA02DA /* ExerciseEditViewController.m in Sources */,
				D67E166118B2C7BE001E9257 /* ResistanceExercise.m in Sources */,
				D655260918CC568B00AF55A6 /* FSOAuthNoAppStore.m in Sources */,
				D67E166418B2C7BE001E9257 /* CardioExercise.m in Sources */,
				D65525BC18CC561A00AF55A6 /* FSConverter.m in Sources */,
				D6C2CA5E170E6C4000BA02DA /* ExerciseListTableViewController.m in Sources */,
				D655260A18CC568B00AF55A6 /* FSOperation.m in Sources */,
				D6C0AF0318A34990004F599E /* SwitchCell.m in Sources */,
				D6C2CA5F170E6C4000BA02DA /* LogbookEntryViewController.m in Sources */,
				D655260718CC568B00AF55A6 /* Foursquare2.m in Sources */,
				D6C2CA60170E6C4000BA02DA /* LogbookViewController.m in Sources */,
				D65525BE18CC561A00AF55A6 /* GymPassViewController.m in Sources */,
				D67E166A18B2C7BE001E9257 /* CardioHistory.m in Sources */,
				D6C2CA61170E6C4000BA02DA /* NotesEditorViewController.m in Sources */,
				D6C2CA62170E6C4000BA02DA /* SettingsIncrementViewController.m in Sources */,
				D6C2CA63170E6C4000BA02DA /* SettingsViewController.m in Sources */,
				D6C2CA64170E6C4000BA02DA /* WorkoutAddViewController.m in Sources */,
				D601920F18AFDF0C00255256 /* DemoViewController.m in Sources */,
				D67E165B18B2C7BE001E9257 /* LogbookEntry.m in Sources */,
				D67E166D18B2C7BE001E9257 /* ResistanceHistory.m in Sources */,
				D6C2CA73170E6C8800BA02DA /* WorkoutSummaryViewController.m in Sources */,
				D63E446C18ACF49700A13883 /* BarChartDataSource.m in Sources */,
				D6C2CA74170E6C8800BA02DA /* WorkoutViewController.m in Sources */,
				D696191518A6A793002FE7C2 /* FitBuddyArchive.m in Sources */,
				D655260B18CC568B00AF55A6 /* FSWebLogin.m in Sources */,
				D655260818CC568B00AF55A6 /* FSKeychain.m in Sources */,
				D6C2CB08170E6D2500BA02DA /* main.m in Sources */,
				D67D7CF9170E75DC00E12E96 /* GymBuddyModel.xcdatamodeld in Sources */,
				D67E165818B2C7BE001E9257 /* WorkoutSequence.m in Sources */,
			);
			runOnlyForDeploymentPostprocessing = 0;
		};
/* End PBXSourcesBuildPhase section */

/* Begin PBXVariantGroup section */
		D6C2CB0A170E6D5300BA02DA /* InfoPlist.strings */ = {
			isa = PBXVariantGroup;
			children = (
				D6C2CB0B170E6D5300BA02DA /* en */,
			);
			name = InfoPlist.strings;
			sourceTree = "<group>";
		};
/* End PBXVariantGroup section */

/* Begin XCBuildConfiguration section */
		D60B4CD814D7A888001ECCE3 /* Debug */ = {
			isa = XCBuildConfiguration;
			buildSettings = {
				ALWAYS_SEARCH_USER_PATHS = NO;
				CLANG_ENABLE_OBJC_ARC = YES;
				CLANG_WARN_BOOL_CONVERSION = YES;
				CLANG_WARN_CONSTANT_CONVERSION = YES;
				CLANG_WARN_EMPTY_BODY = YES;
				CLANG_WARN_ENUM_CONVERSION = YES;
				CLANG_WARN_INT_CONVERSION = YES;
				CLANG_WARN__DUPLICATE_METHOD_MATCH = YES;
				CODE_SIGN_IDENTITY = "iPhone Developer: John Neyer (5L4GBSJYMU)";
				COMPRESS_PNG_FILES = NO;
				COPY_PHASE_STRIP = NO;
				GCC_C_LANGUAGE_STANDARD = gnu99;
				GCC_DYNAMIC_NO_PIC = NO;
				GCC_OPTIMIZATION_LEVEL = 0;
				GCC_PREPROCESSOR_DEFINITIONS = (
					"DEBUG=1",
					"$(inherited)",
				);
				GCC_SYMBOLS_PRIVATE_EXTERN = NO;
				GCC_VERSION = com.apple.compilers.llvm.clang.1_0;
				GCC_WARN_64_TO_32_BIT_CONVERSION = YES;
				GCC_WARN_ABOUT_MISSING_PROTOTYPES = YES;
				GCC_WARN_ABOUT_RETURN_TYPE = YES;
				GCC_WARN_UNDECLARED_SELECTOR = YES;
				GCC_WARN_UNINITIALIZED_AUTOS = YES;
				GCC_WARN_UNUSED_FUNCTION = YES;
				GCC_WARN_UNUSED_VARIABLE = YES;
				IPHONEOS_DEPLOYMENT_TARGET = 5.1;
				ONLY_ACTIVE_ARCH = YES;
				PROVISIONING_PROFILE = "B277DEB2-5CBB-4FD4-8B5C-B99C15A75D1E";
				SDKROOT = iphoneos;
				TARGETED_DEVICE_FAMILY = "1,2";
			};
			name = Debug;
		};
		D60B4CD914D7A888001ECCE3 /* Release */ = {
			isa = XCBuildConfiguration;
			buildSettings = {
				ALWAYS_SEARCH_USER_PATHS = NO;
				CLANG_ENABLE_OBJC_ARC = YES;
				CLANG_WARN_BOOL_CONVERSION = YES;
				CLANG_WARN_CONSTANT_CONVERSION = YES;
				CLANG_WARN_EMPTY_BODY = YES;
				CLANG_WARN_ENUM_CONVERSION = YES;
				CLANG_WARN_INT_CONVERSION = YES;
				CLANG_WARN__DUPLICATE_METHOD_MATCH = YES;
				CODE_SIGN_IDENTITY = "iPhone Developer: John Neyer (5L4GBSJYMU)";
				COMPRESS_PNG_FILES = NO;
				COPY_PHASE_STRIP = YES;
				GCC_C_LANGUAGE_STANDARD = gnu99;
				GCC_VERSION = com.apple.compilers.llvm.clang.1_0;
				GCC_WARN_64_TO_32_BIT_CONVERSION = YES;
				GCC_WARN_ABOUT_MISSING_PROTOTYPES = YES;
				GCC_WARN_ABOUT_RETURN_TYPE = YES;
				GCC_WARN_UNDECLARED_SELECTOR = YES;
				GCC_WARN_UNINITIALIZED_AUTOS = YES;
				GCC_WARN_UNUSED_FUNCTION = YES;
				GCC_WARN_UNUSED_VARIABLE = YES;
				IPHONEOS_DEPLOYMENT_TARGET = 5.1;
				OTHER_CFLAGS = "-DNS_BLOCK_ASSERTIONS=1";
				PROVISIONING_PROFILE = "B277DEB2-5CBB-4FD4-8B5C-B99C15A75D1E";
				SDKROOT = iphoneos;
				TARGETED_DEVICE_FAMILY = "1,2";
				VALIDATE_PRODUCT = YES;
			};
			name = Release;
		};
		D60B4CDB14D7A888001ECCE3 /* Debug */ = {
			isa = XCBuildConfiguration;
			buildSettings = {
				ARCHS = "$(ARCHS_STANDARD_INCLUDING_64_BIT)";
				ASSETCATALOG_COMPILER_APPICON_NAME = AppIcon;
				ASSETCATALOG_COMPILER_LAUNCHIMAGE_NAME = LaunchImage;
				CLANG_CXX_LANGUAGE_STANDARD = "gnu++0x";
				CLANG_CXX_LIBRARY = "libc++";
				CODE_SIGN_ENTITLEMENTS = FitBuddy.entitlements;
				CODE_SIGN_IDENTITY = "iPhone Developer";
				"CODE_SIGN_IDENTITY[sdk=iphoneos*]" = "iPhone Developer";
				GCC_PRECOMPILE_PREFIX_HEADER = YES;
				GCC_PREFIX_HEADER = "FitBuddy/FitBuddy-Prefix.pch";
				GCC_VERSION = "";
				INFOPLIST_FILE = "FitBuddy/FitBuddy-Info.plist";
				IPHONEOS_DEPLOYMENT_TARGET = 7.0;
				PRODUCT_NAME = "$(TARGET_NAME)";
				PROVISIONING_PROFILE = "";
				TARGETED_DEVICE_FAMILY = "1,2";
				WRAPPER_EXTENSION = app;
			};
			name = Debug;
		};
		D60B4CDC14D7A888001ECCE3 /* Release */ = {
			isa = XCBuildConfiguration;
			buildSettings = {
				ARCHS = "$(ARCHS_STANDARD_INCLUDING_64_BIT)";
				ASSETCATALOG_COMPILER_APPICON_NAME = AppIcon;
				ASSETCATALOG_COMPILER_LAUNCHIMAGE_NAME = LaunchImage;
				CLANG_CXX_LANGUAGE_STANDARD = "gnu++0x";
				CLANG_CXX_LIBRARY = "libc++";
				CODE_SIGN_ENTITLEMENTS = FitBuddy.entitlements;
				CODE_SIGN_IDENTITY = "iPhone Developer";
				"CODE_SIGN_IDENTITY[sdk=iphoneos*]" = "iPhone Developer";
				GCC_PRECOMPILE_PREFIX_HEADER = YES;
				GCC_PREFIX_HEADER = "FitBuddy/FitBuddy-Prefix.pch";
				GCC_VERSION = "";
				INFOPLIST_FILE = "FitBuddy/FitBuddy-Info.plist";
				IPHONEOS_DEPLOYMENT_TARGET = 7.0;
				PRODUCT_NAME = "$(TARGET_NAME)";
				PROVISIONING_PROFILE = "";
				TARGETED_DEVICE_FAMILY = "1,2";
				WRAPPER_EXTENSION = app;
			};
			name = Release;
		};
		D6CF078A14FA995C004AC44D /* Distribution */ = {
			isa = XCBuildConfiguration;
			buildSettings = {
				ALWAYS_SEARCH_USER_PATHS = NO;
				CLANG_ENABLE_OBJC_ARC = YES;
				CLANG_WARN_BOOL_CONVERSION = YES;
				CLANG_WARN_CONSTANT_CONVERSION = YES;
				CLANG_WARN_EMPTY_BODY = YES;
				CLANG_WARN_ENUM_CONVERSION = YES;
				CLANG_WARN_INT_CONVERSION = YES;
				CLANG_WARN__DUPLICATE_METHOD_MATCH = YES;
				CODE_SIGN_IDENTITY = "iPhone Developer: John Neyer (5L4GBSJYMU)";
				COMPRESS_PNG_FILES = NO;
				COPY_PHASE_STRIP = YES;
				GCC_C_LANGUAGE_STANDARD = gnu99;
				GCC_VERSION = com.apple.compilers.llvm.clang.1_0;
				GCC_WARN_64_TO_32_BIT_CONVERSION = YES;
				GCC_WARN_ABOUT_MISSING_PROTOTYPES = YES;
				GCC_WARN_ABOUT_RETURN_TYPE = YES;
				GCC_WARN_UNDECLARED_SELECTOR = YES;
				GCC_WARN_UNINITIALIZED_AUTOS = YES;
				GCC_WARN_UNUSED_FUNCTION = YES;
				GCC_WARN_UNUSED_VARIABLE = YES;
				IPHONEOS_DEPLOYMENT_TARGET = 5.1;
				OTHER_CFLAGS = "-DNS_BLOCK_ASSERTIONS=1";
				PROVISIONING_PROFILE = "B277DEB2-5CBB-4FD4-8B5C-B99C15A75D1E";
				SDKROOT = iphoneos;
				TARGETED_DEVICE_FAMILY = "1,2";
				VALIDATE_PRODUCT = YES;
			};
			name = Distribution;
		};
		D6CF078B14FA995C004AC44D /* Distribution */ = {
			isa = XCBuildConfiguration;
			buildSettings = {
				ARCHS = "$(ARCHS_STANDARD_INCLUDING_64_BIT)";
				ASSETCATALOG_COMPILER_APPICON_NAME = AppIcon;
				ASSETCATALOG_COMPILER_LAUNCHIMAGE_NAME = LaunchImage;
				CLANG_CXX_LANGUAGE_STANDARD = "gnu++0x";
				CLANG_CXX_LIBRARY = "libc++";
				CODE_SIGN_ENTITLEMENTS = FitBuddy.entitlements;
				CODE_SIGN_IDENTITY = "iPhone Developer";
				"CODE_SIGN_IDENTITY[sdk=iphoneos*]" = "iPhone Developer";
				GCC_PRECOMPILE_PREFIX_HEADER = YES;
				GCC_PREFIX_HEADER = "FitBuddy/FitBuddy-Prefix.pch";
				GCC_VERSION = "";
				INFOPLIST_FILE = "FitBuddy/FitBuddy-Info.plist";
				IPHONEOS_DEPLOYMENT_TARGET = 7.0;
				PRODUCT_NAME = "$(TARGET_NAME)";
				PROVISIONING_PROFILE = "";
				TARGETED_DEVICE_FAMILY = "1,2";
				WRAPPER_EXTENSION = app;
			};
			name = Distribution;
		};
/* End XCBuildConfiguration section */

/* Begin XCConfigurationList section */
		D60B4CB314D7A888001ECCE3 /* Build configuration list for PBXProject "FitBuddy" */ = {
			isa = XCConfigurationList;
			buildConfigurations = (
				D60B4CD814D7A888001ECCE3 /* Debug */,
				D60B4CD914D7A888001ECCE3 /* Release */,
				D6CF078A14FA995C004AC44D /* Distribution */,
			);
			defaultConfigurationIsVisible = 0;
			defaultConfigurationName = Release;
		};
		D60B4CDA14D7A888001ECCE3 /* Build configuration list for PBXNativeTarget "FitBuddy" */ = {
			isa = XCConfigurationList;
			buildConfigurations = (
				D60B4CDB14D7A888001ECCE3 /* Debug */,
				D60B4CDC14D7A888001ECCE3 /* Release */,
				D6CF078B14FA995C004AC44D /* Distribution */,
			);
			defaultConfigurationIsVisible = 0;
			defaultConfigurationName = Release;
		};
/* End XCConfigurationList section */

/* Begin XCVersionGroup section */
		D67D7CF3170E75DC00E12E96 /* GymBuddyModel.xcdatamodeld */ = {
			isa = XCVersionGroup;
			children = (
				D67E15FD18B2A3E4001E9257 /* GymBuddyModel1.4.4.xcdatamodel */,
				D687065C18B165740078187D /* GymBuddyModel1.4.3.xcdatamodel */,
				D67E161618B2A4EE001E9257 /* GymBuddyModel1.4.5.xcdatamodel */,
				D687067018B291740078187D /* GymBuddyModel1.4.4.xcdatamodel */,
				D611806D18B10C9200786DBF /* GymBuddyModel1.4.2.xcdatamodel */,
				D63E446918AC994600A13883 /* GymBuddyModel1.4.1.xcdatamodel */,
				D63E445918AC662000A13883 /* GymBuddyModel1. 4.xcdatamodel */,
				D67D7CF4170E75DC00E12E96 /* GymBuddyModel0.0.xcdatamodel */,
				D67D7CF5170E75DC00E12E96 /* GymBuddyModel1.0.xcdatamodel */,
				D67D7CF6170E75DC00E12E96 /* GymBuddyModel1.1.xcdatamodel */,
				D67D7CF7170E75DC00E12E96 /* GymBuddyModel1.2.xcdatamodel */,
				D67D7CF8170E75DC00E12E96 /* GymBuddyModel1.3.xcdatamodel */,
			);
			currentVersion = D687065C18B165740078187D /* GymBuddyModel1.4.3.xcdatamodel */;
			path = GymBuddyModel.xcdatamodeld;
			sourceTree = SOURCE_ROOT;
			versionGroupType = wrapper.xcdatamodel;
		};
/* End XCVersionGroup section */
	};
	rootObject = D60B4CB014D7A888001ECCE3 /* Project object */;
}
