// !$*UTF8*$!
{
	archiveVersion = 1;
	classes = {
	};
	objectVersion = 46;
	objects = {

/* Begin PBXBuildFile section */
		D60B4CBE14D7A888001ECCE3 /* UIKit.framework in Frameworks */ = {isa = PBXBuildFile; fileRef = D60B4CBD14D7A888001ECCE3 /* UIKit.framework */; };
		D60B4CC014D7A888001ECCE3 /* Foundation.framework in Frameworks */ = {isa = PBXBuildFile; fileRef = D60B4CBF14D7A888001ECCE3 /* Foundation.framework */; };
		D60B4CC214D7A888001ECCE3 /* CoreGraphics.framework in Frameworks */ = {isa = PBXBuildFile; fileRef = D60B4CC114D7A888001ECCE3 /* CoreGraphics.framework */; };
		D67D7CE8170E708300E12E96 /* FitBuddy.entitlements in Resources */ = {isa = PBXBuildFile; fileRef = D67D7CE5170E708300E12E96 /* FitBuddy.entitlements */; };
		D67D7CF9170E75DC00E12E96 /* GymBuddyModel.xcdatamodeld in Sources */ = {isa = PBXBuildFile; fileRef = D67D7CF3170E75DC00E12E96 /* GymBuddyModel.xcdatamodeld */; };
		D6B59828187078340077C3D0 /* MainStoryboard-Autolayout.storyboard in Resources */ = {isa = PBXBuildFile; fileRef = D6B59827187078340077C3D0 /* MainStoryboard-Autolayout.storyboard */; };
		D6C0AE841894EDC5004F599E /* SwitchCell.m in Sources */ = {isa = PBXBuildFile; fileRef = D6C0AE831894EDC5004F599E /* SwitchCell.m */; };
		D6C0AE8618975566004F599E /* WorkoutControl.xib in Resources */ = {isa = PBXBuildFile; fileRef = D6C0AE8518975566004F599E /* WorkoutControl.xib */; };
		D6C0AE89189D7C36004F599E /* UIView+Autolayout.m in Sources */ = {isa = PBXBuildFile; fileRef = D6C0AE88189D7C36004F599E /* UIView+Autolayout.m */; };
		D6C0AEAD189ECC1F004F599E /* UbiquityStoreManager.m in Sources */ = {isa = PBXBuildFile; fileRef = D6C0AEAA189ECC1F004F599E /* UbiquityStoreManager.m */; };
		D6C0AEAE189ECC1F004F599E /* NSError+UbiquityStoreManager.m in Sources */ = {isa = PBXBuildFile; fileRef = D6C0AEAB189ECC1F004F599E /* NSError+UbiquityStoreManager.m */; };
		D6C0AEB1189ECC40004F599E /* JRSwizzle.m in Sources */ = {isa = PBXBuildFile; fileRef = D6C0AEB0189ECC40004F599E /* JRSwizzle.m */; };
		D6C26B2B14F15A710068DEA5 /* libz.dylib in Frameworks */ = {isa = PBXBuildFile; fileRef = D6C26B2A14F15A710068DEA5 /* libz.dylib */; };
		D6C2CA1D170E6BB400BA02DA /* CoreDataHelper.m in Sources */ = {isa = PBXBuildFile; fileRef = D6C2CA0F170E6BB400BA02DA /* CoreDataHelper.m */; };
		D6C2CA1E170E6BB400BA02DA /* CoreDataTableController.m in Sources */ = {isa = PBXBuildFile; fileRef = D6C2CA11170E6BB400BA02DA /* CoreDataTableController.m */; };
		D6C2CA1F170E6BB400BA02DA /* CoreDataTableViewController.m in Sources */ = {isa = PBXBuildFile; fileRef = D6C2CA13170E6BB400BA02DA /* CoreDataTableViewController.m */; };
		D6C2CA20170E6BB400BA02DA /* GymBuddyAppDelegate.m in Sources */ = {isa = PBXBuildFile; fileRef = D6C2CA15170E6BB400BA02DA /* GymBuddyAppDelegate.m */; };
		D6C2CA21170E6BB400BA02DA /* NSData+CocoaDevUsersAdditions.m in Sources */ = {isa = PBXBuildFile; fileRef = D6C2CA18170E6BB400BA02DA /* NSData+CocoaDevUsersAdditions.m */; };
		D6C2CA22170E6BB400BA02DA /* SugueCustomViewController.m in Sources */ = {isa = PBXBuildFile; fileRef = D6C2CA1A170E6BB400BA02DA /* SugueCustomViewController.m */; };
		D6C2CA23170E6BB400BA02DA /* UICheckboxButton.m in Sources */ = {isa = PBXBuildFile; fileRef = D6C2CA1C170E6BB400BA02DA /* UICheckboxButton.m */; };
		D6C2CA30170E6BDA00BA02DA /* CardioExercise.m in Sources */ = {isa = PBXBuildFile; fileRef = D6C2CA25170E6BDA00BA02DA /* CardioExercise.m */; };
		D6C2CA31170E6BDA00BA02DA /* Exercise.m in Sources */ = {isa = PBXBuildFile; fileRef = D6C2CA27170E6BDA00BA02DA /* Exercise.m */; };
		D6C2CA32170E6BDA00BA02DA /* LogbookEntry.m in Sources */ = {isa = PBXBuildFile; fileRef = D6C2CA29170E6BDA00BA02DA /* LogbookEntry.m */; };
		D6C2CA33170E6BDA00BA02DA /* LogbookEntry+TDate.m in Sources */ = {isa = PBXBuildFile; fileRef = D6C2CA2B170E6BDA00BA02DA /* LogbookEntry+TDate.m */; };
		D6C2CA34170E6BDA00BA02DA /* ResistanceExercise.m in Sources */ = {isa = PBXBuildFile; fileRef = D6C2CA2D170E6BDA00BA02DA /* ResistanceExercise.m */; };
		D6C2CA35170E6BDA00BA02DA /* Workout.m in Sources */ = {isa = PBXBuildFile; fileRef = D6C2CA2F170E6BDA00BA02DA /* Workout.m */; };
		D6C2CA40170E6C0100BA02DA /* GymBuddyMappingModel1.0.xcmappingmodel in Sources */ = {isa = PBXBuildFile; fileRef = D6C2CA36170E6C0100BA02DA /* GymBuddyMappingModel1.0.xcmappingmodel */; };
		D6C2CA41170E6C0100BA02DA /* GymBuddyMappingModel1.1.xcmappingmodel in Sources */ = {isa = PBXBuildFile; fileRef = D6C2CA37170E6C0100BA02DA /* GymBuddyMappingModel1.1.xcmappingmodel */; };
		D6C2CA42170E6C0100BA02DA /* GymBuddyMappingModel1.2.xcmappingmodel in Sources */ = {isa = PBXBuildFile; fileRef = D6C2CA38170E6C0100BA02DA /* GymBuddyMappingModel1.2.xcmappingmodel */; };
		D6C2CA43170E6C0100BA02DA /* GymBuddyMappingModel1.3.xcmappingmodel in Sources */ = {isa = PBXBuildFile; fileRef = D6C2CA39170E6C0100BA02DA /* GymBuddyMappingModel1.3.xcmappingmodel */; };
		D6C2CA46170E6C1800BA02DA /* MainStoryboard_iPhone.storyboard in Resources */ = {isa = PBXBuildFile; fileRef = D6C2CA45170E6C1800BA02DA /* MainStoryboard_iPhone.storyboard */; };
		D6C2CA5B170E6C4000BA02DA /* ExerciseAddViewController.m in Sources */ = {isa = PBXBuildFile; fileRef = D6C2CA48170E6C4000BA02DA /* ExerciseAddViewController.m */; };
		D6C2CA5C170E6C4000BA02DA /* ExerciseControlController.m in Sources */ = {isa = PBXBuildFile; fileRef = D6C2CA4A170E6C4000BA02DA /* ExerciseControlController.m */; };
		D6C2CA5D170E6C4000BA02DA /* ExerciseEditViewController.m in Sources */ = {isa = PBXBuildFile; fileRef = D6C2CA4C170E6C4000BA02DA /* ExerciseEditViewController.m */; };
		D6C2CA5E170E6C4000BA02DA /* ExerciseListTableViewController.m in Sources */ = {isa = PBXBuildFile; fileRef = D6C2CA4E170E6C4000BA02DA /* ExerciseListTableViewController.m */; };
		D6C2CA5F170E6C4000BA02DA /* LogbookEntryViewController.m in Sources */ = {isa = PBXBuildFile; fileRef = D6C2CA50170E6C4000BA02DA /* LogbookEntryViewController.m */; };
		D6C2CA60170E6C4000BA02DA /* LogbookViewController.m in Sources */ = {isa = PBXBuildFile; fileRef = D6C2CA52170E6C4000BA02DA /* LogbookViewController.m */; };
		D6C2CA61170E6C4000BA02DA /* NotesEditorViewController.m in Sources */ = {isa = PBXBuildFile; fileRef = D6C2CA54170E6C4000BA02DA /* NotesEditorViewController.m */; };
		D6C2CA62170E6C4000BA02DA /* SettingsIncrementViewController.m in Sources */ = {isa = PBXBuildFile; fileRef = D6C2CA56170E6C4000BA02DA /* SettingsIncrementViewController.m */; };
		D6C2CA63170E6C4000BA02DA /* SettingsViewController.m in Sources */ = {isa = PBXBuildFile; fileRef = D6C2CA58170E6C4000BA02DA /* SettingsViewController.m */; };
		D6C2CA64170E6C4000BA02DA /* WorkoutAddViewController.m in Sources */ = {isa = PBXBuildFile; fileRef = D6C2CA5A170E6C4000BA02DA /* WorkoutAddViewController.m */; };
		D6C2CA71170E6C8800BA02DA /* WorkoutModeParentController.m in Sources */ = {isa = PBXBuildFile; fileRef = D6C2CA6A170E6C8800BA02DA /* WorkoutModeParentController.m */; };
		D6C2CA72170E6C8800BA02DA /* WorkoutModeViewController.m in Sources */ = {isa = PBXBuildFile; fileRef = D6C2CA6C170E6C8800BA02DA /* WorkoutModeViewController.m */; };
		D6C2CA73170E6C8800BA02DA /* WorkoutSummaryViewController.m in Sources */ = {isa = PBXBuildFile; fileRef = D6C2CA6E170E6C8800BA02DA /* WorkoutSummaryViewController.m */; };
		D6C2CA74170E6C8800BA02DA /* WorkoutViewController.m in Sources */ = {isa = PBXBuildFile; fileRef = D6C2CA70170E6C8800BA02DA /* WorkoutViewController.m */; };
		D6C2CB03170E6CF100BA02DA /* DemoView.m in Sources */ = {isa = PBXBuildFile; fileRef = D6C2CAF9170E6CF100BA02DA /* DemoView.m */; };
		D6C2CB08170E6D2500BA02DA /* main.m in Sources */ = {isa = PBXBuildFile; fileRef = D6C2CB06170E6D2500BA02DA /* main.m */; };
		D6C2CB0C170E6D5300BA02DA /* InfoPlist.strings in Resources */ = {isa = PBXBuildFile; fileRef = D6C2CB0A170E6D5300BA02DA /* InfoPlist.strings */; };
		D6CEC98B14DA6A6C002DC3B0 /* CoreData.framework in Frameworks */ = {isa = PBXBuildFile; fileRef = D6CEC98A14DA6A6C002DC3B0 /* CoreData.framework */; };
		D6FF1D151870B50A004A1D2A /* Images.xcassets in Resources */ = {isa = PBXBuildFile; fileRef = D6FF1D141870B50A004A1D2A /* Images.xcassets */; };
/* End PBXBuildFile section */

/* Begin PBXContainerItemProxy section */
		D6C0AE8E189E9D63004F599E /* PBXContainerItemProxy */ = {
			isa = PBXContainerItemProxy;
			containerPortal = D6C0AE8A189E9D62004F599E /* UbiquityStoreManagerExample.xcodeproj */;
			proxyType = 2;
			remoteGlobalIDString = 5B4B122215227C6D00153613;
			remoteInfo = UbiquityStoreManagerExample;
		};
/* End PBXContainerItemProxy section */

/* Begin PBXFileReference section */
		D60B4CBD14D7A888001ECCE3 /* UIKit.framework */ = {isa = PBXFileReference; lastKnownFileType = wrapper.framework; name = UIKit.framework; path = System/Library/Frameworks/UIKit.framework; sourceTree = SDKROOT; };
		D60B4CBF14D7A888001ECCE3 /* Foundation.framework */ = {isa = PBXFileReference; lastKnownFileType = wrapper.framework; name = Foundation.framework; path = System/Library/Frameworks/Foundation.framework; sourceTree = SDKROOT; };
		D60B4CC114D7A888001ECCE3 /* CoreGraphics.framework */ = {isa = PBXFileReference; lastKnownFileType = wrapper.framework; name = CoreGraphics.framework; path = System/Library/Frameworks/CoreGraphics.framework; sourceTree = SDKROOT; };
		D6135CD3151027D30055F337 /* FitBuddy.app */ = {isa = PBXFileReference; explicitFileType = wrapper.application; includeInIndex = 0; path = FitBuddy.app; sourceTree = BUILT_PRODUCTS_DIR; };
		D67D7CE5170E708300E12E96 /* FitBuddy.entitlements */ = {isa = PBXFileReference; fileEncoding = 4; lastKnownFileType = text.xml; path = FitBuddy.entitlements; sourceTree = SOURCE_ROOT; };
		D67D7CF4170E75DC00E12E96 /* GymBuddyModel0.0.xcdatamodel */ = {isa = PBXFileReference; lastKnownFileType = wrapper.xcdatamodel; path = GymBuddyModel0.0.xcdatamodel; sourceTree = "<group>"; };
		D67D7CF5170E75DC00E12E96 /* GymBuddyModel1.0.xcdatamodel */ = {isa = PBXFileReference; lastKnownFileType = wrapper.xcdatamodel; path = GymBuddyModel1.0.xcdatamodel; sourceTree = "<group>"; };
		D67D7CF6170E75DC00E12E96 /* GymBuddyModel1.1.xcdatamodel */ = {isa = PBXFileReference; lastKnownFileType = wrapper.xcdatamodel; path = GymBuddyModel1.1.xcdatamodel; sourceTree = "<group>"; };
		D67D7CF7170E75DC00E12E96 /* GymBuddyModel1.2.xcdatamodel */ = {isa = PBXFileReference; lastKnownFileType = wrapper.xcdatamodel; path = GymBuddyModel1.2.xcdatamodel; sourceTree = "<group>"; };
		D67D7CF8170E75DC00E12E96 /* GymBuddyModel1.3.xcdatamodel */ = {isa = PBXFileReference; lastKnownFileType = wrapper.xcdatamodel; path = GymBuddyModel1.3.xcdatamodel; sourceTree = "<group>"; };
		D6B59827187078340077C3D0 /* MainStoryboard-Autolayout.storyboard */ = {isa = PBXFileReference; fileEncoding = 4; lastKnownFileType = file.storyboard; path = "MainStoryboard-Autolayout.storyboard"; sourceTree = SOURCE_ROOT; };
		D6C0AE821894EDC5004F599E /* SwitchCell.h */ = {isa = PBXFileReference; fileEncoding = 4; lastKnownFileType = sourcecode.c.h; name = SwitchCell.h; path = FitBuddy/MainViewControllers/SwitchCell.h; sourceTree = SOURCE_ROOT; };
		D6C0AE831894EDC5004F599E /* SwitchCell.m */ = {isa = PBXFileReference; fileEncoding = 4; lastKnownFileType = sourcecode.c.objc; name = SwitchCell.m; path = FitBuddy/MainViewControllers/SwitchCell.m; sourceTree = SOURCE_ROOT; };
		D6C0AE8518975566004F599E /* WorkoutControl.xib */ = {isa = PBXFileReference; fileEncoding = 4; lastKnownFileType = file.xib; path = WorkoutControl.xib; sourceTree = SOURCE_ROOT; };
		D6C0AE87189D7C36004F599E /* UIView+Autolayout.h */ = {isa = PBXFileReference; fileEncoding = 4; lastKnownFileType = sourcecode.c.h; name = "UIView+Autolayout.h"; path = "FitBuddy/Components/UIView+Autolayout.h"; sourceTree = SOURCE_ROOT; };
		D6C0AE88189D7C36004F599E /* UIView+Autolayout.m */ = {isa = PBXFileReference; fileEncoding = 4; lastKnownFileType = sourcecode.c.objc; name = "UIView+Autolayout.m"; path = "FitBuddy/Components/UIView+Autolayout.m"; sourceTree = SOURCE_ROOT; };
		D6C0AE8A189E9D62004F599E /* UbiquityStoreManagerExample.xcodeproj */ = {isa = PBXFileReference; lastKnownFileType = "wrapper.pb-project"; name = UbiquityStoreManagerExample.xcodeproj; path = ../UbiquityStoreManager/UbiquityStoreManagerExample.xcodeproj; sourceTree = "<group>"; };
		D6C0AEA9189ECC1F004F599E /* UbiquityStoreManager.h */ = {isa = PBXFileReference; fileEncoding = 4; lastKnownFileType = sourcecode.c.h; path = UbiquityStoreManager.h; sourceTree = SOURCE_ROOT; };
		D6C0AEAA189ECC1F004F599E /* UbiquityStoreManager.m */ = {isa = PBXFileReference; fileEncoding = 4; lastKnownFileType = sourcecode.c.objc; path = UbiquityStoreManager.m; sourceTree = SOURCE_ROOT; };
		D6C0AEAB189ECC1F004F599E /* NSError+UbiquityStoreManager.m */ = {isa = PBXFileReference; fileEncoding = 4; lastKnownFileType = sourcecode.c.objc; path = "NSError+UbiquityStoreManager.m"; sourceTree = SOURCE_ROOT; };
		D6C0AEAC189ECC1F004F599E /* NSError+UbiquityStoreManager.h */ = {isa = PBXFileReference; fileEncoding = 4; lastKnownFileType = sourcecode.c.h; path = "NSError+UbiquityStoreManager.h"; sourceTree = SOURCE_ROOT; };
		D6C0AEAF189ECC40004F599E /* JRSwizzle.h */ = {isa = PBXFileReference; fileEncoding = 4; lastKnownFileType = sourcecode.c.h; path = JRSwizzle.h; sourceTree = SOURCE_ROOT; };
		D6C0AEB0189ECC40004F599E /* JRSwizzle.m */ = {isa = PBXFileReference; fileEncoding = 4; lastKnownFileType = sourcecode.c.objc; path = JRSwizzle.m; sourceTree = SOURCE_ROOT; };
		D6C26B2A14F15A710068DEA5 /* libz.dylib */ = {isa = PBXFileReference; lastKnownFileType = "compiled.mach-o.dylib"; name = libz.dylib; path = usr/lib/libz.dylib; sourceTree = SDKROOT; };
		D6C2CA0E170E6BB400BA02DA /* CoreDataHelper.h */ = {isa = PBXFileReference; fileEncoding = 4; lastKnownFileType = sourcecode.c.h; name = CoreDataHelper.h; path = FitBuddy/Components/CoreDataHelper.h; sourceTree = SOURCE_ROOT; };
		D6C2CA0F170E6BB400BA02DA /* CoreDataHelper.m */ = {isa = PBXFileReference; fileEncoding = 4; lastKnownFileType = sourcecode.c.objc; name = CoreDataHelper.m; path = FitBuddy/Components/CoreDataHelper.m; sourceTree = SOURCE_ROOT; };
		D6C2CA10170E6BB400BA02DA /* CoreDataTableController.h */ = {isa = PBXFileReference; fileEncoding = 4; lastKnownFileType = sourcecode.c.h; name = CoreDataTableController.h; path = FitBuddy/Components/CoreDataTableController.h; sourceTree = SOURCE_ROOT; };
		D6C2CA11170E6BB400BA02DA /* CoreDataTableController.m */ = {isa = PBXFileReference; fileEncoding = 4; lastKnownFileType = sourcecode.c.objc; name = CoreDataTableController.m; path = FitBuddy/Components/CoreDataTableController.m; sourceTree = SOURCE_ROOT; };
		D6C2CA12170E6BB400BA02DA /* CoreDataTableViewController.h */ = {isa = PBXFileReference; fileEncoding = 4; lastKnownFileType = sourcecode.c.h; name = CoreDataTableViewController.h; path = FitBuddy/Components/CoreDataTableViewController.h; sourceTree = SOURCE_ROOT; };
		D6C2CA13170E6BB400BA02DA /* CoreDataTableViewController.m */ = {isa = PBXFileReference; fileEncoding = 4; lastKnownFileType = sourcecode.c.objc; name = CoreDataTableViewController.m; path = FitBuddy/Components/CoreDataTableViewController.m; sourceTree = SOURCE_ROOT; };
		D6C2CA14170E6BB400BA02DA /* GymBuddyAppDelegate.h */ = {isa = PBXFileReference; fileEncoding = 4; lastKnownFileType = sourcecode.c.h; name = GymBuddyAppDelegate.h; path = FitBuddy/Components/GymBuddyAppDelegate.h; sourceTree = SOURCE_ROOT; };
		D6C2CA15170E6BB400BA02DA /* GymBuddyAppDelegate.m */ = {isa = PBXFileReference; fileEncoding = 4; lastKnownFileType = sourcecode.c.objc; name = GymBuddyAppDelegate.m; path = FitBuddy/Components/GymBuddyAppDelegate.m; sourceTree = SOURCE_ROOT; };
		D6C2CA16170E6BB400BA02DA /* GymBuddyMacros.h */ = {isa = PBXFileReference; fileEncoding = 4; lastKnownFileType = sourcecode.c.h; name = GymBuddyMacros.h; path = FitBuddy/Components/GymBuddyMacros.h; sourceTree = SOURCE_ROOT; };
		D6C2CA17170E6BB400BA02DA /* NSData+CocoaDevUsersAdditions.h */ = {isa = PBXFileReference; fileEncoding = 4; lastKnownFileType = sourcecode.c.h; name = "NSData+CocoaDevUsersAdditions.h"; path = "FitBuddy/Components/NSData+CocoaDevUsersAdditions.h"; sourceTree = SOURCE_ROOT; };
		D6C2CA18170E6BB400BA02DA /* NSData+CocoaDevUsersAdditions.m */ = {isa = PBXFileReference; fileEncoding = 4; lastKnownFileType = sourcecode.c.objc; name = "NSData+CocoaDevUsersAdditions.m"; path = "FitBuddy/Components/NSData+CocoaDevUsersAdditions.m"; sourceTree = SOURCE_ROOT; };
		D6C2CA19170E6BB400BA02DA /* SugueCustomViewController.h */ = {isa = PBXFileReference; fileEncoding = 4; lastKnownFileType = sourcecode.c.h; name = SugueCustomViewController.h; path = FitBuddy/Components/SugueCustomViewController.h; sourceTree = SOURCE_ROOT; };
		D6C2CA1A170E6BB400BA02DA /* SugueCustomViewController.m */ = {isa = PBXFileReference; fileEncoding = 4; lastKnownFileType = sourcecode.c.objc; name = SugueCustomViewController.m; path = FitBuddy/Components/SugueCustomViewController.m; sourceTree = SOURCE_ROOT; };
		D6C2CA1B170E6BB400BA02DA /* UICheckboxButton.h */ = {isa = PBXFileReference; fileEncoding = 4; lastKnownFileType = sourcecode.c.h; name = UICheckboxButton.h; path = FitBuddy/Components/UICheckboxButton.h; sourceTree = SOURCE_ROOT; };
		D6C2CA1C170E6BB400BA02DA /* UICheckboxButton.m */ = {isa = PBXFileReference; fileEncoding = 4; lastKnownFileType = sourcecode.c.objc; name = UICheckboxButton.m; path = FitBuddy/Components/UICheckboxButton.m; sourceTree = SOURCE_ROOT; };
		D6C2CA24170E6BDA00BA02DA /* CardioExercise.h */ = {isa = PBXFileReference; fileEncoding = 4; lastKnownFileType = sourcecode.c.h; name = CardioExercise.h; path = FitBuddy/CoreData/CardioExercise.h; sourceTree = SOURCE_ROOT; };
		D6C2CA25170E6BDA00BA02DA /* CardioExercise.m */ = {isa = PBXFileReference; fileEncoding = 4; lastKnownFileType = sourcecode.c.objc; name = CardioExercise.m; path = FitBuddy/CoreData/CardioExercise.m; sourceTree = SOURCE_ROOT; };
		D6C2CA26170E6BDA00BA02DA /* Exercise.h */ = {isa = PBXFileReference; fileEncoding = 4; lastKnownFileType = sourcecode.c.h; name = Exercise.h; path = FitBuddy/CoreData/Exercise.h; sourceTree = SOURCE_ROOT; };
		D6C2CA27170E6BDA00BA02DA /* Exercise.m */ = {isa = PBXFileReference; fileEncoding = 4; lastKnownFileType = sourcecode.c.objc; name = Exercise.m; path = FitBuddy/CoreData/Exercise.m; sourceTree = SOURCE_ROOT; };
		D6C2CA28170E6BDA00BA02DA /* LogbookEntry.h */ = {isa = PBXFileReference; fileEncoding = 4; lastKnownFileType = sourcecode.c.h; name = LogbookEntry.h; path = FitBuddy/CoreData/LogbookEntry.h; sourceTree = SOURCE_ROOT; };
		D6C2CA29170E6BDA00BA02DA /* LogbookEntry.m */ = {isa = PBXFileReference; fileEncoding = 4; lastKnownFileType = sourcecode.c.objc; name = LogbookEntry.m; path = FitBuddy/CoreData/LogbookEntry.m; sourceTree = SOURCE_ROOT; };
		D6C2CA2A170E6BDA00BA02DA /* LogbookEntry+TDate.h */ = {isa = PBXFileReference; fileEncoding = 4; lastKnownFileType = sourcecode.c.h; name = "LogbookEntry+TDate.h"; path = "FitBuddy/CoreData/LogbookEntry+TDate.h"; sourceTree = SOURCE_ROOT; };
		D6C2CA2B170E6BDA00BA02DA /* LogbookEntry+TDate.m */ = {isa = PBXFileReference; fileEncoding = 4; lastKnownFileType = sourcecode.c.objc; name = "LogbookEntry+TDate.m"; path = "FitBuddy/CoreData/LogbookEntry+TDate.m"; sourceTree = SOURCE_ROOT; };
		D6C2CA2C170E6BDA00BA02DA /* ResistanceExercise.h */ = {isa = PBXFileReference; fileEncoding = 4; lastKnownFileType = sourcecode.c.h; name = ResistanceExercise.h; path = FitBuddy/CoreData/ResistanceExercise.h; sourceTree = SOURCE_ROOT; };
		D6C2CA2D170E6BDA00BA02DA /* ResistanceExercise.m */ = {isa = PBXFileReference; fileEncoding = 4; lastKnownFileType = sourcecode.c.objc; name = ResistanceExercise.m; path = FitBuddy/CoreData/ResistanceExercise.m; sourceTree = SOURCE_ROOT; };
		D6C2CA2E170E6BDA00BA02DA /* Workout.h */ = {isa = PBXFileReference; fileEncoding = 4; lastKnownFileType = sourcecode.c.h; name = Workout.h; path = FitBuddy/CoreData/Workout.h; sourceTree = SOURCE_ROOT; };
		D6C2CA2F170E6BDA00BA02DA /* Workout.m */ = {isa = PBXFileReference; fileEncoding = 4; lastKnownFileType = sourcecode.c.objc; name = Workout.m; path = FitBuddy/CoreData/Workout.m; sourceTree = SOURCE_ROOT; };
		D6C2CA36170E6C0100BA02DA /* GymBuddyMappingModel1.0.xcmappingmodel */ = {isa = PBXFileReference; lastKnownFileType = wrapper.xcmappingmodel; name = GymBuddyMappingModel1.0.xcmappingmodel; path = FitBuddy/CoreData/GymBuddyMappingModel1.0.xcmappingmodel; sourceTree = SOURCE_ROOT; };
		D6C2CA37170E6C0100BA02DA /* GymBuddyMappingModel1.1.xcmappingmodel */ = {isa = PBXFileReference; lastKnownFileType = wrapper.xcmappingmodel; name = GymBuddyMappingModel1.1.xcmappingmodel; path = FitBuddy/CoreData/GymBuddyMappingModel1.1.xcmappingmodel; sourceTree = SOURCE_ROOT; };
		D6C2CA38170E6C0100BA02DA /* GymBuddyMappingModel1.2.xcmappingmodel */ = {isa = PBXFileReference; lastKnownFileType = wrapper.xcmappingmodel; name = GymBuddyMappingModel1.2.xcmappingmodel; path = FitBuddy/CoreData/GymBuddyMappingModel1.2.xcmappingmodel; sourceTree = SOURCE_ROOT; };
		D6C2CA39170E6C0100BA02DA /* GymBuddyMappingModel1.3.xcmappingmodel */ = {isa = PBXFileReference; lastKnownFileType = wrapper.xcmappingmodel; name = GymBuddyMappingModel1.3.xcmappingmodel; path = FitBuddy/CoreData/GymBuddyMappingModel1.3.xcmappingmodel; sourceTree = SOURCE_ROOT; };
		D6C2CA45170E6C1800BA02DA /* MainStoryboard_iPhone.storyboard */ = {isa = PBXFileReference; fileEncoding = 4; lastKnownFileType = file.storyboard; name = MainStoryboard_iPhone.storyboard; path = FitBuddy/Storyboards/MainStoryboard_iPhone.storyboard; sourceTree = SOURCE_ROOT; };
		D6C2CA47170E6C4000BA02DA /* ExerciseAddViewController.h */ = {isa = PBXFileReference; fileEncoding = 4; lastKnownFileType = sourcecode.c.h; name = ExerciseAddViewController.h; path = FitBuddy/MainViewControllers/ExerciseAddViewController.h; sourceTree = SOURCE_ROOT; };
		D6C2CA48170E6C4000BA02DA /* ExerciseAddViewController.m */ = {isa = PBXFileReference; fileEncoding = 4; lastKnownFileType = sourcecode.c.objc; name = ExerciseAddViewController.m; path = FitBuddy/MainViewControllers/ExerciseAddViewController.m; sourceTree = SOURCE_ROOT; };
		D6C2CA49170E6C4000BA02DA /* ExerciseControlController.h */ = {isa = PBXFileReference; fileEncoding = 4; lastKnownFileType = sourcecode.c.h; name = ExerciseControlController.h; path = FitBuddy/MainViewControllers/ExerciseControlController.h; sourceTree = SOURCE_ROOT; };
		D6C2CA4A170E6C4000BA02DA /* ExerciseControlController.m */ = {isa = PBXFileReference; fileEncoding = 4; lastKnownFileType = sourcecode.c.objc; name = ExerciseControlController.m; path = FitBuddy/MainViewControllers/ExerciseControlController.m; sourceTree = SOURCE_ROOT; };
		D6C2CA4B170E6C4000BA02DA /* ExerciseEditViewController.h */ = {isa = PBXFileReference; fileEncoding = 4; lastKnownFileType = sourcecode.c.h; name = ExerciseEditViewController.h; path = FitBuddy/MainViewControllers/ExerciseEditViewController.h; sourceTree = SOURCE_ROOT; };
		D6C2CA4C170E6C4000BA02DA /* ExerciseEditViewController.m */ = {isa = PBXFileReference; fileEncoding = 4; lastKnownFileType = sourcecode.c.objc; name = ExerciseEditViewController.m; path = FitBuddy/MainViewControllers/ExerciseEditViewController.m; sourceTree = SOURCE_ROOT; };
		D6C2CA4D170E6C4000BA02DA /* ExerciseListTableViewController.h */ = {isa = PBXFileReference; fileEncoding = 4; lastKnownFileType = sourcecode.c.h; name = ExerciseListTableViewController.h; path = FitBuddy/MainViewControllers/ExerciseListTableViewController.h; sourceTree = SOURCE_ROOT; };
		D6C2CA4E170E6C4000BA02DA /* ExerciseListTableViewController.m */ = {isa = PBXFileReference; fileEncoding = 4; lastKnownFileType = sourcecode.c.objc; name = ExerciseListTableViewController.m; path = FitBuddy/MainViewControllers/ExerciseListTableViewController.m; sourceTree = SOURCE_ROOT; };
		D6C2CA4F170E6C4000BA02DA /* LogbookEntryViewController.h */ = {isa = PBXFileReference; fileEncoding = 4; lastKnownFileType = sourcecode.c.h; name = LogbookEntryViewController.h; path = FitBuddy/MainViewControllers/LogbookEntryViewController.h; sourceTree = SOURCE_ROOT; };
		D6C2CA50170E6C4000BA02DA /* LogbookEntryViewController.m */ = {isa = PBXFileReference; fileEncoding = 4; lastKnownFileType = sourcecode.c.objc; name = LogbookEntryViewController.m; path = FitBuddy/MainViewControllers/LogbookEntryViewController.m; sourceTree = SOURCE_ROOT; };
		D6C2CA51170E6C4000BA02DA /* LogbookViewController.h */ = {isa = PBXFileReference; fileEncoding = 4; lastKnownFileType = sourcecode.c.h; name = LogbookViewController.h; path = FitBuddy/MainViewControllers/LogbookViewController.h; sourceTree = SOURCE_ROOT; };
		D6C2CA52170E6C4000BA02DA /* LogbookViewController.m */ = {isa = PBXFileReference; fileEncoding = 4; lastKnownFileType = sourcecode.c.objc; name = LogbookViewController.m; path = FitBuddy/MainViewControllers/LogbookViewController.m; sourceTree = SOURCE_ROOT; };
		D6C2CA53170E6C4000BA02DA /* NotesEditorViewController.h */ = {isa = PBXFileReference; fileEncoding = 4; lastKnownFileType = sourcecode.c.h; name = NotesEditorViewController.h; path = FitBuddy/MainViewControllers/NotesEditorViewController.h; sourceTree = SOURCE_ROOT; };
		D6C2CA54170E6C4000BA02DA /* NotesEditorViewController.m */ = {isa = PBXFileReference; fileEncoding = 4; lastKnownFileType = sourcecode.c.objc; name = NotesEditorViewController.m; path = FitBuddy/MainViewControllers/NotesEditorViewController.m; sourceTree = SOURCE_ROOT; };
		D6C2CA55170E6C4000BA02DA /* SettingsIncrementViewController.h */ = {isa = PBXFileReference; fileEncoding = 4; lastKnownFileType = sourcecode.c.h; name = SettingsIncrementViewController.h; path = FitBuddy/MainViewControllers/SettingsIncrementViewController.h; sourceTree = SOURCE_ROOT; };
		D6C2CA56170E6C4000BA02DA /* SettingsIncrementViewController.m */ = {isa = PBXFileReference; fileEncoding = 4; lastKnownFileType = sourcecode.c.objc; name = SettingsIncrementViewController.m; path = FitBuddy/MainViewControllers/SettingsIncrementViewController.m; sourceTree = SOURCE_ROOT; };
		D6C2CA57170E6C4000BA02DA /* SettingsViewController.h */ = {isa = PBXFileReference; fileEncoding = 4; lastKnownFileType = sourcecode.c.h; name = SettingsViewController.h; path = FitBuddy/MainViewControllers/SettingsViewController.h; sourceTree = SOURCE_ROOT; };
		D6C2CA58170E6C4000BA02DA /* SettingsViewController.m */ = {isa = PBXFileReference; fileEncoding = 4; lastKnownFileType = sourcecode.c.objc; name = SettingsViewController.m; path = FitBuddy/MainViewControllers/SettingsViewController.m; sourceTree = SOURCE_ROOT; };
		D6C2CA59170E6C4000BA02DA /* WorkoutAddViewController.h */ = {isa = PBXFileReference; fileEncoding = 4; lastKnownFileType = sourcecode.c.h; name = WorkoutAddViewController.h; path = FitBuddy/MainViewControllers/WorkoutAddViewController.h; sourceTree = SOURCE_ROOT; };
		D6C2CA5A170E6C4000BA02DA /* WorkoutAddViewController.m */ = {isa = PBXFileReference; fileEncoding = 4; lastKnownFileType = sourcecode.c.objc; name = WorkoutAddViewController.m; path = FitBuddy/MainViewControllers/WorkoutAddViewController.m; sourceTree = SOURCE_ROOT; };
		D6C2CA69170E6C8800BA02DA /* WorkoutModeParentController.h */ = {isa = PBXFileReference; fileEncoding = 4; lastKnownFileType = sourcecode.c.h; path = WorkoutModeParentController.h; sourceTree = "<group>"; };
		D6C2CA6A170E6C8800BA02DA /* WorkoutModeParentController.m */ = {isa = PBXFileReference; fileEncoding = 4; lastKnownFileType = sourcecode.c.objc; path = WorkoutModeParentController.m; sourceTree = "<group>"; };
		D6C2CA6B170E6C8800BA02DA /* WorkoutModeViewController.h */ = {isa = PBXFileReference; fileEncoding = 4; lastKnownFileType = sourcecode.c.h; path = WorkoutModeViewController.h; sourceTree = "<group>"; };
		D6C2CA6C170E6C8800BA02DA /* WorkoutModeViewController.m */ = {isa = PBXFileReference; fileEncoding = 4; lastKnownFileType = sourcecode.c.objc; path = WorkoutModeViewController.m; sourceTree = "<group>"; };
		D6C2CA6D170E6C8800BA02DA /* WorkoutSummaryViewController.h */ = {isa = PBXFileReference; fileEncoding = 4; lastKnownFileType = sourcecode.c.h; path = WorkoutSummaryViewController.h; sourceTree = "<group>"; };
		D6C2CA6E170E6C8800BA02DA /* WorkoutSummaryViewController.m */ = {isa = PBXFileReference; fileEncoding = 4; lastKnownFileType = sourcecode.c.objc; path = WorkoutSummaryViewController.m; sourceTree = "<group>"; };
		D6C2CA6F170E6C8800BA02DA /* WorkoutViewController.h */ = {isa = PBXFileReference; fileEncoding = 4; lastKnownFileType = sourcecode.c.h; path = WorkoutViewController.h; sourceTree = "<group>"; };
		D6C2CA70170E6C8800BA02DA /* WorkoutViewController.m */ = {isa = PBXFileReference; fileEncoding = 4; lastKnownFileType = sourcecode.c.objc; path = WorkoutViewController.m; sourceTree = "<group>"; };
		D6C2CAF8170E6CF100BA02DA /* DemoView.h */ = {isa = PBXFileReference; fileEncoding = 4; lastKnownFileType = sourcecode.c.h; path = DemoView.h; sourceTree = "<group>"; };
		D6C2CAF9170E6CF100BA02DA /* DemoView.m */ = {isa = PBXFileReference; fileEncoding = 4; lastKnownFileType = sourcecode.c.objc; path = DemoView.m; sourceTree = "<group>"; };
		D6C2CB04170E6D2500BA02DA /* FitBuddy-Info.plist */ = {isa = PBXFileReference; fileEncoding = 4; lastKnownFileType = text.plist.xml; name = "FitBuddy-Info.plist"; path = "FitBuddy/FitBuddy-Info.plist"; sourceTree = SOURCE_ROOT; };
		D6C2CB05170E6D2500BA02DA /* FitBuddy-Prefix.pch */ = {isa = PBXFileReference; fileEncoding = 4; lastKnownFileType = sourcecode.c.h; name = "FitBuddy-Prefix.pch"; path = "FitBuddy/FitBuddy-Prefix.pch"; sourceTree = SOURCE_ROOT; };
		D6C2CB06170E6D2500BA02DA /* main.m */ = {isa = PBXFileReference; fileEncoding = 4; lastKnownFileType = sourcecode.c.objc; name = main.m; path = FitBuddy/main.m; sourceTree = SOURCE_ROOT; };
		D6C2CB0B170E6D5300BA02DA /* en */ = {isa = PBXFileReference; lastKnownFileType = text.plist.strings; name = en; path = InfoPlist.strings; sourceTree = "<group>"; };
		D6CEC98A14DA6A6C002DC3B0 /* CoreData.framework */ = {isa = PBXFileReference; lastKnownFileType = wrapper.framework; name = CoreData.framework; path = System/Library/Frameworks/CoreData.framework; sourceTree = SDKROOT; };
		D6FF1D141870B50A004A1D2A /* Images.xcassets */ = {isa = PBXFileReference; lastKnownFileType = folder.assetcatalog; name = Images.xcassets; path = FitBuddy/Images.xcassets; sourceTree = SOURCE_ROOT; };
/* End PBXFileReference section */

/* Begin PBXFrameworksBuildPhase section */
		D60B4CB614D7A888001ECCE3 /* Frameworks */ = {
			isa = PBXFrameworksBuildPhase;
			buildActionMask = 2147483647;
			files = (
				D6C26B2B14F15A710068DEA5 /* libz.dylib in Frameworks */,
				D6CEC98B14DA6A6C002DC3B0 /* CoreData.framework in Frameworks */,
				D60B4CBE14D7A888001ECCE3 /* UIKit.framework in Frameworks */,
				D60B4CC014D7A888001ECCE3 /* Foundation.framework in Frameworks */,
				D60B4CC214D7A888001ECCE3 /* CoreGraphics.framework in Frameworks */,
			);
			runOnlyForDeploymentPostprocessing = 0;
		};
/* End PBXFrameworksBuildPhase section */

/* Begin PBXGroup section */
		D60B4CAE14D7A888001ECCE3 = {
			isa = PBXGroup;
			children = (
				D6C0AE90189E9D8D004F599E /* Dependencies */,
				D60B4CC314D7A888001ECCE3 /* FitBuddy */,
				D60B4CBC14D7A888001ECCE3 /* Frameworks */,
				D6135CD3151027D30055F337 /* FitBuddy.app */,
			);
			sourceTree = "<group>";
		};
		D60B4CBC14D7A888001ECCE3 /* Frameworks */ = {
			isa = PBXGroup;
			children = (
				D6CEC98A14DA6A6C002DC3B0 /* CoreData.framework */,
				D60B4CBD14D7A888001ECCE3 /* UIKit.framework */,
				D60B4CBF14D7A888001ECCE3 /* Foundation.framework */,
				D60B4CC114D7A888001ECCE3 /* CoreGraphics.framework */,
			);
			name = Frameworks;
			sourceTree = "<group>";
		};
		D60B4CC314D7A888001ECCE3 /* FitBuddy */ = {
			isa = PBXGroup;
			children = (
				D6C2CA65170E6C4C00BA02DA /* MainViewControllers */,
				D6C2CA68170E6C8800BA02DA /* WorkoutModeControllers */,
				D67825D614E583B600C00BD4 /* Components */,
				D67825D814E583FC00C00BD4 /* CoreData */,
				D67825D714E583E600C00BD4 /* Storyboards */,
				D6FF1D141870B50A004A1D2A /* Images.xcassets */,
			);
			name = FitBuddy;
			path = GymBuddy;
			sourceTree = SOURCE_ROOT;
		};
		D60B4CC414D7A888001ECCE3 /* Supporting Files */ = {
			isa = PBXGroup;
			children = (
				D6C2CB09170E6D5300BA02DA /* en.lproj */,
				D6C2CAEE170E6CF100BA02DA /* Demo */,
				D67D7CE5170E708300E12E96 /* FitBuddy.entitlements */,
				D6C2CB04170E6D2500BA02DA /* FitBuddy-Info.plist */,
				D6C2CB05170E6D2500BA02DA /* FitBuddy-Prefix.pch */,
				D6C2CB06170E6D2500BA02DA /* main.m */,
				D6C26B2A14F15A710068DEA5 /* libz.dylib */,
			);
			name = "Supporting Files";
			sourceTree = "<group>";
		};
		D67825D614E583B600C00BD4 /* Components */ = {
			isa = PBXGroup;
			children = (
				D6C2CA0E170E6BB400BA02DA /* CoreDataHelper.h */,
				D6C2CA0F170E6BB400BA02DA /* CoreDataHelper.m */,
				D6C2CA10170E6BB400BA02DA /* CoreDataTableController.h */,
				D6C2CA11170E6BB400BA02DA /* CoreDataTableController.m */,
				D6C2CA12170E6BB400BA02DA /* CoreDataTableViewController.h */,
				D6C2CA13170E6BB400BA02DA /* CoreDataTableViewController.m */,
				D6C2CA14170E6BB400BA02DA /* GymBuddyAppDelegate.h */,
				D6C2CA15170E6BB400BA02DA /* GymBuddyAppDelegate.m */,
				D6C2CA16170E6BB400BA02DA /* GymBuddyMacros.h */,
				D6C2CA17170E6BB400BA02DA /* NSData+CocoaDevUsersAdditions.h */,
				D6C2CA18170E6BB400BA02DA /* NSData+CocoaDevUsersAdditions.m */,
				D6C2CA19170E6BB400BA02DA /* SugueCustomViewController.h */,
				D6C2CA1A170E6BB400BA02DA /* SugueCustomViewController.m */,
				D6C2CA1B170E6BB400BA02DA /* UICheckboxButton.h */,
				D6C2CA1C170E6BB400BA02DA /* UICheckboxButton.m */,
				D6C0AE87189D7C36004F599E /* UIView+Autolayout.h */,
				D6C0AE88189D7C36004F599E /* UIView+Autolayout.m */,
			);
			name = Components;
			sourceTree = "<group>";
		};
		D67825D714E583E600C00BD4 /* Storyboards */ = {
			isa = PBXGroup;
			children = (
				D6C2CA45170E6C1800BA02DA /* MainStoryboard_iPhone.storyboard */,
				D6B59827187078340077C3D0 /* MainStoryboard-Autolayout.storyboard */,
				D6C0AE8518975566004F599E /* WorkoutControl.xib */,
				D60B4CC414D7A888001ECCE3 /* Supporting Files */,
			);
			name = Storyboards;
			sourceTree = "<group>";
		};
		D67825D814E583FC00C00BD4 /* CoreData */ = {
			isa = PBXGroup;
			children = (
				D6C0AEA9189ECC1F004F599E /* UbiquityStoreManager.h */,
				D6C0AEAA189ECC1F004F599E /* UbiquityStoreManager.m */,
				D6C0AEAB189ECC1F004F599E /* NSError+UbiquityStoreManager.m */,
				D6C0AEAC189ECC1F004F599E /* NSError+UbiquityStoreManager.h */,
				D6C0AEAF189ECC40004F599E /* JRSwizzle.h */,
				D6C0AEB0189ECC40004F599E /* JRSwizzle.m */,
				D67D7CF3170E75DC00E12E96 /* GymBuddyModel.xcdatamodeld */,
				D6C2CA36170E6C0100BA02DA /* GymBuddyMappingModel1.0.xcmappingmodel */,
				D6C2CA37170E6C0100BA02DA /* GymBuddyMappingModel1.1.xcmappingmodel */,
				D6C2CA38170E6C0100BA02DA /* GymBuddyMappingModel1.2.xcmappingmodel */,
				D6C2CA39170E6C0100BA02DA /* GymBuddyMappingModel1.3.xcmappingmodel */,
				D6C2CA24170E6BDA00BA02DA /* CardioExercise.h */,
				D6C2CA25170E6BDA00BA02DA /* CardioExercise.m */,
				D6C2CA26170E6BDA00BA02DA /* Exercise.h */,
				D6C2CA27170E6BDA00BA02DA /* Exercise.m */,
				D6C2CA28170E6BDA00BA02DA /* LogbookEntry.h */,
				D6C2CA29170E6BDA00BA02DA /* LogbookEntry.m */,
				D6C2CA2A170E6BDA00BA02DA /* LogbookEntry+TDate.h */,
				D6C2CA2B170E6BDA00BA02DA /* LogbookEntry+TDate.m */,
				D6C2CA2C170E6BDA00BA02DA /* ResistanceExercise.h */,
				D6C2CA2D170E6BDA00BA02DA /* ResistanceExercise.m */,
				D6C2CA2E170E6BDA00BA02DA /* Workout.h */,
				D6C2CA2F170E6BDA00BA02DA /* Workout.m */,
			);
			name = CoreData;
			sourceTree = "<group>";
		};
		D6C0AE8B189E9D62004F599E /* Products */ = {
			isa = PBXGroup;
			children = (
				D6C0AE8F189E9D63004F599E /* UbiquityStoreManagerExample.app */,
			);
			name = Products;
			sourceTree = "<group>";
		};
		D6C0AE90189E9D8D004F599E /* Dependencies */ = {
			isa = PBXGroup;
			children = (
				D6C0AE8A189E9D62004F599E /* UbiquityStoreManagerExample.xcodeproj */,
			);
			name = Dependencies;
			sourceTree = "<group>";
		};
		D6C2CA65170E6C4C00BA02DA /* MainViewControllers */ = {
			isa = PBXGroup;
			children = (
				D6C2CA47170E6C4000BA02DA /* ExerciseAddViewController.h */,
				D6C2CA48170E6C4000BA02DA /* ExerciseAddViewController.m */,
				D6C2CA49170E6C4000BA02DA /* ExerciseControlController.h */,
				D6C2CA4A170E6C4000BA02DA /* ExerciseControlController.m */,
				D6C2CA4B170E6C4000BA02DA /* ExerciseEditViewController.h */,
				D6C2CA4C170E6C4000BA02DA /* ExerciseEditViewController.m */,
				D6C2CA4D170E6C4000BA02DA /* ExerciseListTableViewController.h */,
				D6C2CA4E170E6C4000BA02DA /* ExerciseListTableViewController.m */,
				D6C2CA4F170E6C4000BA02DA /* LogbookEntryViewController.h */,
				D6C2CA50170E6C4000BA02DA /* LogbookEntryViewController.m */,
				D6C2CA51170E6C4000BA02DA /* LogbookViewController.h */,
				D6C2CA52170E6C4000BA02DA /* LogbookViewController.m */,
				D6C2CA53170E6C4000BA02DA /* NotesEditorViewController.h */,
				D6C2CA54170E6C4000BA02DA /* NotesEditorViewController.m */,
				D6C2CA55170E6C4000BA02DA /* SettingsIncrementViewController.h */,
				D6C2CA56170E6C4000BA02DA /* SettingsIncrementViewController.m */,
				D6C2CA57170E6C4000BA02DA /* SettingsViewController.h */,
				D6C2CA58170E6C4000BA02DA /* SettingsViewController.m */,
				D6C0AE821894EDC5004F599E /* SwitchCell.h */,
				D6C0AE831894EDC5004F599E /* SwitchCell.m */,
			);
			name = MainViewControllers;
			sourceTree = "<group>";
		};
		D6C2CA68170E6C8800BA02DA /* WorkoutModeControllers */ = {
			isa = PBXGroup;
			children = (
				D6C2CA69170E6C8800BA02DA /* WorkoutModeParentController.h */,
				D6C2CA6A170E6C8800BA02DA /* WorkoutModeParentController.m */,
				D6C2CA6B170E6C8800BA02DA /* WorkoutModeViewController.h */,
				D6C2CA6C170E6C8800BA02DA /* WorkoutModeViewController.m */,
				D6C2CA6D170E6C8800BA02DA /* WorkoutSummaryViewController.h */,
				D6C2CA6E170E6C8800BA02DA /* WorkoutSummaryViewController.m */,
				D6C2CA59170E6C4000BA02DA /* WorkoutAddViewController.h */,
				D6C2CA5A170E6C4000BA02DA /* WorkoutAddViewController.m */,
				D6C2CA6F170E6C8800BA02DA /* WorkoutViewController.h */,
				D6C2CA70170E6C8800BA02DA /* WorkoutViewController.m */,
			);
			name = WorkoutModeControllers;
			path = FitBuddy/WorkoutModeControllers;
			sourceTree = SOURCE_ROOT;
		};
		D6C2CAEE170E6CF100BA02DA /* Demo */ = {
			isa = PBXGroup;
			children = (
				D6C2CAF8170E6CF100BA02DA /* DemoView.h */,
				D6C2CAF9170E6CF100BA02DA /* DemoView.m */,
			);
			name = Demo;
			path = FitBuddy/Demo;
			sourceTree = SOURCE_ROOT;
		};
		D6C2CB09170E6D5300BA02DA /* en.lproj */ = {
			isa = PBXGroup;
			children = (
				D6C2CB0A170E6D5300BA02DA /* InfoPlist.strings */,
			);
			name = en.lproj;
			path = FitBuddy/en.lproj;
			sourceTree = SOURCE_ROOT;
		};
/* End PBXGroup section */

/* Begin PBXNativeTarget section */
		D60B4CB814D7A888001ECCE3 /* FitBuddy */ = {
			isa = PBXNativeTarget;
			buildConfigurationList = D60B4CDA14D7A888001ECCE3 /* Build configuration list for PBXNativeTarget "FitBuddy" */;
			buildPhases = (
				D60B4CB514D7A888001ECCE3 /* Sources */,
				D60B4CB614D7A888001ECCE3 /* Frameworks */,
				D60B4CB714D7A888001ECCE3 /* Resources */,
			);
			buildRules = (
			);
			dependencies = (
			);
			name = FitBuddy;
			productName = GymBuddy;
			productReference = D6135CD3151027D30055F337 /* FitBuddy.app */;
			productType = "com.apple.product-type.application";
		};
/* End PBXNativeTarget section */

/* Begin PBXProject section */
		D60B4CB014D7A888001ECCE3 /* Project object */ = {
			isa = PBXProject;
			attributes = {
				LastUpgradeCheck = 0500;
				ORGANIZATIONNAME = jneyer.com;
				TargetAttributes = {
					D60B4CB814D7A888001ECCE3 = {
						DevelopmentTeam = MK3WE6JNT9;
						SystemCapabilities = {
							com.apple.Keychain = {
								enabled = 0;
							};
						};
					};
				};
			};
			buildConfigurationList = D60B4CB314D7A888001ECCE3 /* Build configuration list for PBXProject "FitBuddy" */;
			compatibilityVersion = "Xcode 3.2";
			developmentRegion = English;
			hasScannedForEncodings = 0;
			knownRegions = (
				en,
			);
			mainGroup = D60B4CAE14D7A888001ECCE3;
			productRefGroup = D60B4CAE14D7A888001ECCE3;
			projectDirPath = "";
			projectReferences = (
				{
					ProductGroup = D6C0AE8B189E9D62004F599E /* Products */;
					ProjectRef = D6C0AE8A189E9D62004F599E /* UbiquityStoreManagerExample.xcodeproj */;
				},
			);
			projectRoot = "";
			targets = (
				D60B4CB814D7A888001ECCE3 /* FitBuddy */,
			);
		};
/* End PBXProject section */

/* Begin PBXReferenceProxy section */
		D6C0AE8F189E9D63004F599E /* UbiquityStoreManagerExample.app */ = {
			isa = PBXReferenceProxy;
			fileType = wrapper.application;
			path = UbiquityStoreManagerExample.app;
			remoteRef = D6C0AE8E189E9D63004F599E /* PBXContainerItemProxy */;
			sourceTree = BUILT_PRODUCTS_DIR;
		};
/* End PBXReferenceProxy section */

/* Begin PBXResourcesBuildPhase section */
		D60B4CB714D7A888001ECCE3 /* Resources */ = {
			isa = PBXResourcesBuildPhase;
			buildActionMask = 2147483647;
			files = (
				D6C2CA46170E6C1800BA02DA /* MainStoryboard_iPhone.storyboard in Resources */,
				D6FF1D151870B50A004A1D2A /* Images.xcassets in Resources */,
				D6B59828187078340077C3D0 /* MainStoryboard-Autolayout.storyboard in Resources */,
				D6C2CB0C170E6D5300BA02DA /* InfoPlist.strings in Resources */,
				D67D7CE8170E708300E12E96 /* FitBuddy.entitlements in Resources */,
				D6C0AE8618975566004F599E /* WorkoutControl.xib in Resources */,
			);
			runOnlyForDeploymentPostprocessing = 0;
		};
/* End PBXResourcesBuildPhase section */

/* Begin PBXSourcesBuildPhase section */
		D60B4CB514D7A888001ECCE3 /* Sources */ = {
			isa = PBXSourcesBuildPhase;
			buildActionMask = 2147483647;
			files = (
				D6C2CA1D170E6BB400BA02DA /* CoreDataHelper.m in Sources */,
				D6C2CA1E170E6BB400BA02DA /* CoreDataTableController.m in Sources */,
				D6C2CA1F170E6BB400BA02DA /* CoreDataTableViewController.m in Sources */,
				D6C2CA20170E6BB400BA02DA /* GymBuddyAppDelegate.m in Sources */,
				D6C2CA21170E6BB400BA02DA /* NSData+CocoaDevUsersAdditions.m in Sources */,
				D6C2CA22170E6BB400BA02DA /* SugueCustomViewController.m in Sources */,
				D6C2CA23170E6BB400BA02DA /* UICheckboxButton.m in Sources */,
				D6C2CA30170E6BDA00BA02DA /* CardioExercise.m in Sources */,
				D6C2CA31170E6BDA00BA02DA /* Exercise.m in Sources */,
				D6C2CA32170E6BDA00BA02DA /* LogbookEntry.m in Sources */,
				D6C2CA33170E6BDA00BA02DA /* LogbookEntry+TDate.m in Sources */,
				D6C2CA34170E6BDA00BA02DA /* ResistanceExercise.m in Sources */,
				D6C2CA35170E6BDA00BA02DA /* Workout.m in Sources */,
				D6C2CA40170E6C0100BA02DA /* GymBuddyMappingModel1.0.xcmappingmodel in Sources */,
				D6C2CA41170E6C0100BA02DA /* GymBuddyMappingModel1.1.xcmappingmodel in Sources */,
				D6C2CA42170E6C0100BA02DA /* GymBuddyMappingModel1.2.xcmappingmodel in Sources */,
				D6C2CA43170E6C0100BA02DA /* GymBuddyMappingModel1.3.xcmappingmodel in Sources */,
				D6C2CA5B170E6C4000BA02DA /* ExerciseAddViewController.m in Sources */,
				D6C2CA5C170E6C4000BA02DA /* ExerciseControlController.m in Sources */,
				D6C2CA5D170E6C4000BA02DA /* ExerciseEditViewController.m in Sources */,
				D6C2CA5E170E6C4000BA02DA /* ExerciseListTableViewController.m in Sources */,
				D6C2CA5F170E6C4000BA02DA /* LogbookEntryViewController.m in Sources */,
				D6C2CA60170E6C4000BA02DA /* LogbookViewController.m in Sources */,
				D6C0AEAE189ECC1F004F599E /* NSError+UbiquityStoreManager.m in Sources */,
				D6C2CA61170E6C4000BA02DA /* NotesEditorViewController.m in Sources */,
				D6C0AE841894EDC5004F599E /* SwitchCell.m in Sources */,
				D6C2CA62170E6C4000BA02DA /* SettingsIncrementViewController.m in Sources */,
				D6C2CA63170E6C4000BA02DA /* SettingsViewController.m in Sources */,
				D6C2CA64170E6C4000BA02DA /* WorkoutAddViewController.m in Sources */,
				D6C2CA71170E6C8800BA02DA /* WorkoutModeParentController.m in Sources */,
				D6C0AE89189D7C36004F599E /* UIView+Autolayout.m in Sources */,
				D6C2CA72170E6C8800BA02DA /* WorkoutModeViewController.m in Sources */,
				D6C2CA73170E6C8800BA02DA /* WorkoutSummaryViewController.m in Sources */,
				D6C2CA74170E6C8800BA02DA /* WorkoutViewController.m in Sources */,
				D6C0AEB1189ECC40004F599E /* JRSwizzle.m in Sources */,
				D6C2CB03170E6CF100BA02DA /* DemoView.m in Sources */,
				D6C2CB08170E6D2500BA02DA /* main.m in Sources */,
				D6C0AEAD189ECC1F004F599E /* UbiquityStoreManager.m in Sources */,
				D67D7CF9170E75DC00E12E96 /* GymBuddyModel.xcdatamodeld in Sources */,
			);
			runOnlyForDeploymentPostprocessing = 0;
		};
/* End PBXSourcesBuildPhase section */

/* Begin PBXVariantGroup section */
		D6C2CB0A170E6D5300BA02DA /* InfoPlist.strings */ = {
			isa = PBXVariantGroup;
			children = (
				D6C2CB0B170E6D5300BA02DA /* en */,
			);
			name = InfoPlist.strings;
			sourceTree = "<group>";
		};
/* End PBXVariantGroup section */

/* Begin XCBuildConfiguration section */
		D60B4CD814D7A888001ECCE3 /* Debug */ = {
			isa = XCBuildConfiguration;
			buildSettings = {
				ALWAYS_SEARCH_USER_PATHS = NO;
				CLANG_ENABLE_OBJC_ARC = YES;
				CLANG_WARN_BOOL_CONVERSION = YES;
				CLANG_WARN_CONSTANT_CONVERSION = YES;
				CLANG_WARN_EMPTY_BODY = YES;
				CLANG_WARN_ENUM_CONVERSION = YES;
				CLANG_WARN_INT_CONVERSION = YES;
				CLANG_WARN__DUPLICATE_METHOD_MATCH = YES;
				CODE_SIGN_IDENTITY = "iPhone Developer: John Neyer (5L4GBSJYMU)";
				COMPRESS_PNG_FILES = NO;
				COPY_PHASE_STRIP = NO;
				GCC_C_LANGUAGE_STANDARD = gnu99;
				GCC_DYNAMIC_NO_PIC = NO;
				GCC_OPTIMIZATION_LEVEL = 0;
				GCC_PREPROCESSOR_DEFINITIONS = (
					"DEBUG=1",
					"$(inherited)",
				);
				GCC_SYMBOLS_PRIVATE_EXTERN = NO;
				GCC_VERSION = com.apple.compilers.llvm.clang.1_0;
				GCC_WARN_64_TO_32_BIT_CONVERSION = YES;
				GCC_WARN_ABOUT_MISSING_PROTOTYPES = YES;
				GCC_WARN_ABOUT_RETURN_TYPE = YES;
				GCC_WARN_UNDECLARED_SELECTOR = YES;
				GCC_WARN_UNINITIALIZED_AUTOS = YES;
				GCC_WARN_UNUSED_FUNCTION = YES;
				GCC_WARN_UNUSED_VARIABLE = YES;
				IPHONEOS_DEPLOYMENT_TARGET = 5.1;
				ONLY_ACTIVE_ARCH = YES;
				PROVISIONING_PROFILE = "B277DEB2-5CBB-4FD4-8B5C-B99C15A75D1E";
				SDKROOT = iphoneos;
				TARGETED_DEVICE_FAMILY = "1,2";
			};
			name = Debug;
		};
		D60B4CD914D7A888001ECCE3 /* Release */ = {
			isa = XCBuildConfiguration;
			buildSettings = {
				ALWAYS_SEARCH_USER_PATHS = NO;
				CLANG_ENABLE_OBJC_ARC = YES;
				CLANG_WARN_BOOL_CONVERSION = YES;
				CLANG_WARN_CONSTANT_CONVERSION = YES;
				CLANG_WARN_EMPTY_BODY = YES;
				CLANG_WARN_ENUM_CONVERSION = YES;
				CLANG_WARN_INT_CONVERSION = YES;
				CLANG_WARN__DUPLICATE_METHOD_MATCH = YES;
				CODE_SIGN_IDENTITY = "iPhone Developer: John Neyer (5L4GBSJYMU)";
				COMPRESS_PNG_FILES = NO;
				COPY_PHASE_STRIP = YES;
				GCC_C_LANGUAGE_STANDARD = gnu99;
				GCC_VERSION = com.apple.compilers.llvm.clang.1_0;
				GCC_WARN_64_TO_32_BIT_CONVERSION = YES;
				GCC_WARN_ABOUT_MISSING_PROTOTYPES = YES;
				GCC_WARN_ABOUT_RETURN_TYPE = YES;
				GCC_WARN_UNDECLARED_SELECTOR = YES;
				GCC_WARN_UNINITIALIZED_AUTOS = YES;
				GCC_WARN_UNUSED_FUNCTION = YES;
				GCC_WARN_UNUSED_VARIABLE = YES;
				IPHONEOS_DEPLOYMENT_TARGET = 5.1;
				OTHER_CFLAGS = "-DNS_BLOCK_ASSERTIONS=1";
				PROVISIONING_PROFILE = "B277DEB2-5CBB-4FD4-8B5C-B99C15A75D1E";
				SDKROOT = iphoneos;
				TARGETED_DEVICE_FAMILY = "1,2";
				VALIDATE_PRODUCT = YES;
			};
			name = Release;
		};
		D60B4CDB14D7A888001ECCE3 /* Debug */ = {
			isa = XCBuildConfiguration;
			buildSettings = {
				ASSETCATALOG_COMPILER_APPICON_NAME = AppIcon;
				ASSETCATALOG_COMPILER_LAUNCHIMAGE_NAME = LaunchImage;
				CODE_SIGN_ENTITLEMENTS = FitBuddy.entitlements;
				CODE_SIGN_IDENTITY = "iPhone Developer";
				"CODE_SIGN_IDENTITY[sdk=iphoneos*]" = "iPhone Developer";
				GCC_PRECOMPILE_PREFIX_HEADER = YES;
				GCC_PREFIX_HEADER = "FitBuddy/FitBuddy-Prefix.pch";
				INFOPLIST_FILE = "FitBuddy/FitBuddy-Info.plist";
				IPHONEOS_DEPLOYMENT_TARGET = 7.0;
				PRODUCT_NAME = "$(TARGET_NAME)";
				PROVISIONING_PROFILE = "";
				TARGETED_DEVICE_FAMILY = "1,2";
				WRAPPER_EXTENSION = app;
			};
			name = Debug;
		};
		D60B4CDC14D7A888001ECCE3 /* Release */ = {
			isa = XCBuildConfiguration;
			buildSettings = {
				ASSETCATALOG_COMPILER_APPICON_NAME = AppIcon;
				ASSETCATALOG_COMPILER_LAUNCHIMAGE_NAME = LaunchImage;
				CODE_SIGN_ENTITLEMENTS = FitBuddy.entitlements;
				CODE_SIGN_IDENTITY = "iPhone Developer";
				"CODE_SIGN_IDENTITY[sdk=iphoneos*]" = "iPhone Developer";
				GCC_PRECOMPILE_PREFIX_HEADER = YES;
				GCC_PREFIX_HEADER = "FitBuddy/FitBuddy-Prefix.pch";
				INFOPLIST_FILE = "FitBuddy/FitBuddy-Info.plist";
				IPHONEOS_DEPLOYMENT_TARGET = 7.0;
				PRODUCT_NAME = "$(TARGET_NAME)";
				PROVISIONING_PROFILE = "";
				TARGETED_DEVICE_FAMILY = "1,2";
				WRAPPER_EXTENSION = app;
			};
			name = Release;
		};
		D6CF078A14FA995C004AC44D /* Distribution */ = {
			isa = XCBuildConfiguration;
			buildSettings = {
				ALWAYS_SEARCH_USER_PATHS = NO;
				CLANG_ENABLE_OBJC_ARC = YES;
				CLANG_WARN_BOOL_CONVERSION = YES;
				CLANG_WARN_CONSTANT_CONVERSION = YES;
				CLANG_WARN_EMPTY_BODY = YES;
				CLANG_WARN_ENUM_CONVERSION = YES;
				CLANG_WARN_INT_CONVERSION = YES;
				CLANG_WARN__DUPLICATE_METHOD_MATCH = YES;
				CODE_SIGN_IDENTITY = "iPhone Developer: John Neyer (5L4GBSJYMU)";
				COMPRESS_PNG_FILES = NO;
				COPY_PHASE_STRIP = YES;
				GCC_C_LANGUAGE_STANDARD = gnu99;
				GCC_VERSION = com.apple.compilers.llvm.clang.1_0;
				GCC_WARN_64_TO_32_BIT_CONVERSION = YES;
				GCC_WARN_ABOUT_MISSING_PROTOTYPES = YES;
				GCC_WARN_ABOUT_RETURN_TYPE = YES;
				GCC_WARN_UNDECLARED_SELECTOR = YES;
				GCC_WARN_UNINITIALIZED_AUTOS = YES;
				GCC_WARN_UNUSED_FUNCTION = YES;
				GCC_WARN_UNUSED_VARIABLE = YES;
				IPHONEOS_DEPLOYMENT_TARGET = 5.1;
				OTHER_CFLAGS = "-DNS_BLOCK_ASSERTIONS=1";
				PROVISIONING_PROFILE = "B277DEB2-5CBB-4FD4-8B5C-B99C15A75D1E";
				SDKROOT = iphoneos;
				TARGETED_DEVICE_FAMILY = "1,2";
				VALIDATE_PRODUCT = YES;
			};
			name = Distribution;
		};
		D6CF078B14FA995C004AC44D /* Distribution */ = {
			isa = XCBuildConfiguration;
			buildSettings = {
				ASSETCATALOG_COMPILER_APPICON_NAME = AppIcon;
				ASSETCATALOG_COMPILER_LAUNCHIMAGE_NAME = LaunchImage;
				CODE_SIGN_ENTITLEMENTS = FitBuddy.entitlements;
				CODE_SIGN_IDENTITY = "iPhone Developer";
				"CODE_SIGN_IDENTITY[sdk=iphoneos*]" = "iPhone Developer";
				GCC_PRECOMPILE_PREFIX_HEADER = YES;
				GCC_PREFIX_HEADER = "FitBuddy/FitBuddy-Prefix.pch";
				INFOPLIST_FILE = "FitBuddy/FitBuddy-Info.plist";
				IPHONEOS_DEPLOYMENT_TARGET = 7.0;
				PRODUCT_NAME = "$(TARGET_NAME)";
				PROVISIONING_PROFILE = "";
				TARGETED_DEVICE_FAMILY = "1,2";
				WRAPPER_EXTENSION = app;
			};
			name = Distribution;
		};
/* End XCBuildConfiguration section */

/* Begin XCConfigurationList section */
		D60B4CB314D7A888001ECCE3 /* Build configuration list for PBXProject "FitBuddy" */ = {
			isa = XCConfigurationList;
			buildConfigurations = (
				D60B4CD814D7A888001ECCE3 /* Debug */,
				D60B4CD914D7A888001ECCE3 /* Release */,
				D6CF078A14FA995C004AC44D /* Distribution */,
			);
			defaultConfigurationIsVisible = 0;
			defaultConfigurationName = Release;
		};
		D60B4CDA14D7A888001ECCE3 /* Build configuration list for PBXNativeTarget "FitBuddy" */ = {
			isa = XCConfigurationList;
			buildConfigurations = (
				D60B4CDB14D7A888001ECCE3 /* Debug */,
				D60B4CDC14D7A888001ECCE3 /* Release */,
				D6CF078B14FA995C004AC44D /* Distribution */,
			);
			defaultConfigurationIsVisible = 0;
			defaultConfigurationName = Release;
		};
/* End XCConfigurationList section */

/* Begin XCVersionGroup section */
		D67D7CF3170E75DC00E12E96 /* GymBuddyModel.xcdatamodeld */ = {
			isa = XCVersionGroup;
			children = (
				D67D7CF4170E75DC00E12E96 /* GymBuddyModel0.0.xcdatamodel */,
				D67D7CF5170E75DC00E12E96 /* GymBuddyModel1.0.xcdatamodel */,
				D67D7CF6170E75DC00E12E96 /* GymBuddyModel1.1.xcdatamodel */,
				D67D7CF7170E75DC00E12E96 /* GymBuddyModel1.2.xcdatamodel */,
				D67D7CF8170E75DC00E12E96 /* GymBuddyModel1.3.xcdatamodel */,
			);
			currentVersion = D67D7CF8170E75DC00E12E96 /* GymBuddyModel1.3.xcdatamodel */;
			path = GymBuddyModel.xcdatamodeld;
			sourceTree = SOURCE_ROOT;
			versionGroupType = wrapper.xcdatamodel;
		};
/* End XCVersionGroup section */
	};
	rootObject = D60B4CB014D7A888001ECCE3 /* Project object */;
}
